// !$*UTF8*$!
{
	archiveVersion = 1;
	classes = {
	};
	objectVersion = 46;
	objects = {

/* Begin PBXBuildFile section */
		7619A3421974E993006429AF /* Foundation.framework in Frameworks */ = {isa = PBXBuildFile; fileRef = 7619A3411974E993006429AF /* Foundation.framework */; };
		7619A3441974E993006429AF /* CoreGraphics.framework in Frameworks */ = {isa = PBXBuildFile; fileRef = 7619A3431974E993006429AF /* CoreGraphics.framework */; };
		7619A3461974E993006429AF /* UIKit.framework in Frameworks */ = {isa = PBXBuildFile; fileRef = 7619A3451974E993006429AF /* UIKit.framework */; };
		7619A34C1974E993006429AF /* InfoPlist.strings in Resources */ = {isa = PBXBuildFile; fileRef = 7619A34A1974E993006429AF /* InfoPlist.strings */; };
		7619A34E1974E993006429AF /* main.m in Sources */ = {isa = PBXBuildFile; fileRef = 7619A34D1974E993006429AF /* main.m */; };
		7619A3521974E993006429AF /* xlAppDelegate.m in Sources */ = {isa = PBXBuildFile; fileRef = 7619A3511974E993006429AF /* xlAppDelegate.m */; };
		7619A3551974E993006429AF /* Main.storyboard in Resources */ = {isa = PBXBuildFile; fileRef = 7619A3531974E993006429AF /* Main.storyboard */; };
		7619A35D1974E993006429AF /* Images.xcassets in Resources */ = {isa = PBXBuildFile; fileRef = 7619A35C1974E993006429AF /* Images.xcassets */; };
		7619A3641974E994006429AF /* XCTest.framework in Frameworks */ = {isa = PBXBuildFile; fileRef = 7619A3631974E994006429AF /* XCTest.framework */; };
		7619A3651974E994006429AF /* Foundation.framework in Frameworks */ = {isa = PBXBuildFile; fileRef = 7619A3411974E993006429AF /* Foundation.framework */; };
		7619A3661974E994006429AF /* UIKit.framework in Frameworks */ = {isa = PBXBuildFile; fileRef = 7619A3451974E993006429AF /* UIKit.framework */; };
		7619A36E1974E994006429AF /* InfoPlist.strings in Resources */ = {isa = PBXBuildFile; fileRef = 7619A36C1974E994006429AF /* InfoPlist.strings */; };
		7619A3701974E994006429AF /* pashmak_guiTests.m in Sources */ = {isa = PBXBuildFile; fileRef = 7619A36F1974E994006429AF /* pashmak_guiTests.m */; };
		7619A3C51974F02C006429AF /* xlMain.mm in Sources */ = {isa = PBXBuildFile; fileRef = 7619A3C41974F02C006429AF /* xlMain.mm */; };
		7619A3C71974F84F006429AF /* Lenna.png in Resources */ = {isa = PBXBuildFile; fileRef = 7619A3C61974F84F006429AF /* Lenna.png */; };
		7619A3C91974FDD4006429AF /* Lenna.jpg in Resources */ = {isa = PBXBuildFile; fileRef = 7619A3C81974FDD4006429AF /* Lenna.jpg */; };
		76AE92BA19820DC800341655 /* filmscratches.m4v in Resources */ = {isa = PBXBuildFile; fileRef = 76AE926D19820DC800341655 /* filmscratches.m4v */; };
		76AE92BB19820DC800341655 /* _Three.mp4 in Resources */ = {isa = PBXBuildFile; fileRef = 76AE926F19820DC800341655 /* _Three.mp4 */; };
		76AE92BC19820DC800341655 /* Blah.mp4 in Resources */ = {isa = PBXBuildFile; fileRef = 76AE927019820DC800341655 /* Blah.mp4 */; };
		76AE92BD19820DC800341655 /* IMG_0541.jpg in Resources */ = {isa = PBXBuildFile; fileRef = 76AE927119820DC800341655 /* IMG_0541.jpg */; };
		76AE92BE19820DC800341655 /* Lenna.jpg in Resources */ = {isa = PBXBuildFile; fileRef = 76AE927219820DC800341655 /* Lenna.jpg */; };
		76AE92BF19820DC800341655 /* SanDiego.mp4 in Resources */ = {isa = PBXBuildFile; fileRef = 76AE927319820DC800341655 /* SanDiego.mp4 */; };
		76AE92C019820DC800341655 /* output.wmv in Resources */ = {isa = PBXBuildFile; fileRef = 76AE927419820DC800341655 /* output.wmv */; };
		76AE92C119820DC800341655 /* AggregatedFilter.cpp in Sources */ = {isa = PBXBuildFile; fileRef = 76AE927619820DC800341655 /* AggregatedFilter.cpp */; };
		76AE92C219820DC800341655 /* BilateralBlurFilter.cpp in Sources */ = {isa = PBXBuildFile; fileRef = 76AE927819820DC800341655 /* BilateralBlurFilter.cpp */; };
		76AE92C319820DC800341655 /* CartoonTheme.cpp in Sources */ = {isa = PBXBuildFile; fileRef = 76AE927A19820DC800341655 /* CartoonTheme.cpp */; };
		76AE92C419820DC800341655 /* ColorReductionFilter.cpp in Sources */ = {isa = PBXBuildFile; fileRef = 76AE927C19820DC800341655 /* ColorReductionFilter.cpp */; };
		76AE92C519820DC800341655 /* Configuration.cpp in Sources */ = {isa = PBXBuildFile; fileRef = 76AE927E19820DC800341655 /* Configuration.cpp */; };
		76AE92C619820DC800341655 /* Engine.cpp in Sources */ = {isa = PBXBuildFile; fileRef = 76AE928119820DC800341655 /* Engine.cpp */; };
		76AE92C719820DC800341655 /* FileManager.cpp in Sources */ = {isa = PBXBuildFile; fileRef = 76AE928319820DC800341655 /* FileManager.cpp */; };
		76AE92C819820DC800341655 /* Filter.cpp in Sources */ = {isa = PBXBuildFile; fileRef = 76AE928519820DC800341655 /* Filter.cpp */; };
		76AE92C919820DC800341655 /* GaussianNoiseFilter.cpp in Sources */ = {isa = PBXBuildFile; fileRef = 76AE928719820DC800341655 /* GaussianNoiseFilter.cpp */; };
		76AE92CA19820DC800341655 /* GaussianWindowFilter.cpp in Sources */ = {isa = PBXBuildFile; fileRef = 76AE928919820DC800341655 /* GaussianWindowFilter.cpp */; };
		76AE92CB19820DC800341655 /* GrayscaleFilter.cpp in Sources */ = {isa = PBXBuildFile; fileRef = 76AE928B19820DC800341655 /* GrayscaleFilter.cpp */; };
		76AE92CD19820DC800341655 /* Media.cpp in Sources */ = {isa = PBXBuildFile; fileRef = 76AE928E19820DC800341655 /* Media.cpp */; };
		76AE92CE19820DC800341655 /* MediaManager.cpp in Sources */ = {isa = PBXBuildFile; fileRef = 76AE929019820DC800341655 /* MediaManager.cpp */; };
		76AE92CF19820DC800341655 /* MultiplyFilter.cpp in Sources */ = {isa = PBXBuildFile; fileRef = 76AE929219820DC800341655 /* MultiplyFilter.cpp */; };
		76AE92D019820DC800341655 /* NoOpFilter.cpp in Sources */ = {isa = PBXBuildFile; fileRef = 76AE929419820DC800341655 /* NoOpFilter.cpp */; };
		76AE92D119820DC800341655 /* OldieFilter.cpp in Sources */ = {isa = PBXBuildFile; fileRef = 76AE929619820DC800341655 /* OldieFilter.cpp */; };
		76AE92D219820DC800341655 /* OldieTheme.cpp in Sources */ = {isa = PBXBuildFile; fileRef = 76AE929819820DC800341655 /* OldieTheme.cpp */; };
		76AE92D319820DC800341655 /* Pashmak.vcxproj in Resources */ = {isa = PBXBuildFile; fileRef = 76AE929A19820DC800341655 /* Pashmak.vcxproj */; };
		76AE92D419820DC800341655 /* Pashmak.vcxproj.filters in Resources */ = {isa = PBXBuildFile; fileRef = 76AE929B19820DC800341655 /* Pashmak.vcxproj.filters */; };
		76AE92D519820DC800341655 /* Picture.cpp in Sources */ = {isa = PBXBuildFile; fileRef = 76AE929C19820DC800341655 /* Picture.cpp */; };
		76AE92D619820DC800341655 /* PosterizationFilter.cpp in Sources */ = {isa = PBXBuildFile; fileRef = 76AE929E19820DC800341655 /* PosterizationFilter.cpp */; };
		76AE92D719820DC800341655 /* SepiaFilter.cpp in Sources */ = {isa = PBXBuildFile; fileRef = 76AE92A019820DC800341655 /* SepiaFilter.cpp */; };
		76AE92D819820DC800341655 /* SobelEdgeFilter.cpp in Sources */ = {isa = PBXBuildFile; fileRef = 76AE92A219820DC800341655 /* SobelEdgeFilter.cpp */; };
		76AE92D919820DC800341655 /* StillPictureVideo.cpp in Sources */ = {isa = PBXBuildFile; fileRef = 76AE92A419820DC800341655 /* StillPictureVideo.cpp */; };
		76AE92DA19820DC800341655 /* Theme.cpp in Sources */ = {isa = PBXBuildFile; fileRef = 76AE92A619820DC800341655 /* Theme.cpp */; };
		76AE92DB19820DC800341655 /* ThemeFactory.cpp in Sources */ = {isa = PBXBuildFile; fileRef = 76AE92A819820DC800341655 /* ThemeFactory.cpp */; };
		76AE92DC19820DC800341655 /* ThemeManager.cpp in Sources */ = {isa = PBXBuildFile; fileRef = 76AE92AA19820DC800341655 /* ThemeManager.cpp */; };
		76AE92DD19820DC800341655 /* Utils.cpp in Sources */ = {isa = PBXBuildFile; fileRef = 76AE92AC19820DC800341655 /* Utils.cpp */; };
		76AE92DE19820DC800341655 /* Video.cpp in Sources */ = {isa = PBXBuildFile; fileRef = 76AE92AE19820DC800341655 /* Video.cpp */; };
		76AE92DF19820DC800341655 /* VideoCut.cpp in Sources */ = {isa = PBXBuildFile; fileRef = 76AE92B019820DC800341655 /* VideoCut.cpp */; };
		76AE92E019820DC800341655 /* VideoFile.cpp in Sources */ = {isa = PBXBuildFile; fileRef = 76AE92B219820DC800341655 /* VideoFile.cpp */; };
		76AE92E119820DC800341655 /* VideoFilter.cpp in Sources */ = {isa = PBXBuildFile; fileRef = 76AE92B419820DC800341655 /* VideoFilter.cpp */; };
		76AE92E219820DC800341655 /* VideoWriter.cpp in Sources */ = {isa = PBXBuildFile; fileRef = 76AE92B619820DC800341655 /* VideoWriter.cpp */; };
		76AE92E319820DC800341655 /* Pashmak.sln in Resources */ = {isa = PBXBuildFile; fileRef = 76AE92B819820DC800341655 /* Pashmak.sln */; };
		76AE92E419820DC800341655 /* README.md in Resources */ = {isa = PBXBuildFile; fileRef = 76AE92B919820DC800341655 /* README.md */; };
<<<<<<< HEAD
		76E0DE191999D69A00640150 /* a.m4v in Resources */ = {isa = PBXBuildFile; fileRef = 76E0DE181999D69A00640150 /* a.m4v */; };
		76E0DE1C1999EFA600640150 /* b.m4v in Resources */ = {isa = PBXBuildFile; fileRef = 76E0DE1B1999EFA600640150 /* b.m4v */; };
=======
		C510A7701999DE2F003BEC9B /* FadingTransition.cpp in Sources */ = {isa = PBXBuildFile; fileRef = C510A76A1999DE2F003BEC9B /* FadingTransition.cpp */; };
		C510A7711999DE2F003BEC9B /* HardTransition.cpp in Sources */ = {isa = PBXBuildFile; fileRef = C510A76C1999DE2F003BEC9B /* HardTransition.cpp */; };
		C510A7721999DE2F003BEC9B /* Transition.cpp in Sources */ = {isa = PBXBuildFile; fileRef = C510A76E1999DE2F003BEC9B /* Transition.cpp */; };
>>>>>>> a7dd1e48af1508dc6ddb980f2b1b293075c932fa
		E475838FFC434E7FB33C800B /* libPods-pashmak-gui.a in Frameworks */ = {isa = PBXBuildFile; fileRef = A5EFD27D7DE44B95A6D6EA60 /* libPods-pashmak-gui.a */; };
/* End PBXBuildFile section */

/* Begin PBXContainerItemProxy section */
		7619A3671974E994006429AF /* PBXContainerItemProxy */ = {
			isa = PBXContainerItemProxy;
			containerPortal = 7619A3361974E992006429AF /* Project object */;
			proxyType = 1;
			remoteGlobalIDString = 7619A33D1974E993006429AF;
			remoteInfo = "pashmak-gui";
		};
/* End PBXContainerItemProxy section */

/* Begin PBXFileReference section */
		01F2969638FF4833AA75699C /* Pods-pashmak-gui.xcconfig */ = {isa = PBXFileReference; includeInIndex = 1; lastKnownFileType = text.xcconfig; name = "Pods-pashmak-gui.xcconfig"; path = "Pods/Pods-pashmak-gui.xcconfig"; sourceTree = "<group>"; };
		7619A33E1974E993006429AF /* pashmak-gui.app */ = {isa = PBXFileReference; explicitFileType = wrapper.application; includeInIndex = 0; path = "pashmak-gui.app"; sourceTree = BUILT_PRODUCTS_DIR; };
		7619A3411974E993006429AF /* Foundation.framework */ = {isa = PBXFileReference; lastKnownFileType = wrapper.framework; name = Foundation.framework; path = System/Library/Frameworks/Foundation.framework; sourceTree = SDKROOT; };
		7619A3431974E993006429AF /* CoreGraphics.framework */ = {isa = PBXFileReference; lastKnownFileType = wrapper.framework; name = CoreGraphics.framework; path = System/Library/Frameworks/CoreGraphics.framework; sourceTree = SDKROOT; };
		7619A3451974E993006429AF /* UIKit.framework */ = {isa = PBXFileReference; lastKnownFileType = wrapper.framework; name = UIKit.framework; path = System/Library/Frameworks/UIKit.framework; sourceTree = SDKROOT; };
		7619A3491974E993006429AF /* pashmak-gui-Info.plist */ = {isa = PBXFileReference; lastKnownFileType = text.plist.xml; path = "pashmak-gui-Info.plist"; sourceTree = "<group>"; };
		7619A34B1974E993006429AF /* en */ = {isa = PBXFileReference; lastKnownFileType = text.plist.strings; name = en; path = en.lproj/InfoPlist.strings; sourceTree = "<group>"; };
		7619A34D1974E993006429AF /* main.m */ = {isa = PBXFileReference; lastKnownFileType = sourcecode.c.objc; path = main.m; sourceTree = "<group>"; };
		7619A34F1974E993006429AF /* pashmak-gui-Prefix.pch */ = {isa = PBXFileReference; lastKnownFileType = sourcecode.c.h; path = "pashmak-gui-Prefix.pch"; sourceTree = "<group>"; };
		7619A3501974E993006429AF /* xlAppDelegate.h */ = {isa = PBXFileReference; lastKnownFileType = sourcecode.c.h; path = xlAppDelegate.h; sourceTree = "<group>"; };
		7619A3511974E993006429AF /* xlAppDelegate.m */ = {isa = PBXFileReference; lastKnownFileType = sourcecode.c.objc; path = xlAppDelegate.m; sourceTree = "<group>"; };
		7619A3541974E993006429AF /* Base */ = {isa = PBXFileReference; lastKnownFileType = file.storyboard; name = Base; path = Base.lproj/Main.storyboard; sourceTree = "<group>"; };
		7619A35C1974E993006429AF /* Images.xcassets */ = {isa = PBXFileReference; lastKnownFileType = folder.assetcatalog; path = Images.xcassets; sourceTree = "<group>"; };
		7619A3621974E994006429AF /* pashmak-guiTests.xctest */ = {isa = PBXFileReference; explicitFileType = wrapper.cfbundle; includeInIndex = 0; path = "pashmak-guiTests.xctest"; sourceTree = BUILT_PRODUCTS_DIR; };
		7619A3631974E994006429AF /* XCTest.framework */ = {isa = PBXFileReference; lastKnownFileType = wrapper.framework; name = XCTest.framework; path = Library/Frameworks/XCTest.framework; sourceTree = DEVELOPER_DIR; };
		7619A36B1974E994006429AF /* pashmak-guiTests-Info.plist */ = {isa = PBXFileReference; lastKnownFileType = text.plist.xml; path = "pashmak-guiTests-Info.plist"; sourceTree = "<group>"; };
		7619A36D1974E994006429AF /* en */ = {isa = PBXFileReference; lastKnownFileType = text.plist.strings; name = en; path = en.lproj/InfoPlist.strings; sourceTree = "<group>"; };
		7619A36F1974E994006429AF /* pashmak_guiTests.m */ = {isa = PBXFileReference; lastKnownFileType = sourcecode.c.objc; path = pashmak_guiTests.m; sourceTree = "<group>"; };
		7619A3791974EAC7006429AF /* libPods-pashmak-gui-OpenCV.a */ = {isa = PBXFileReference; lastKnownFileType = archive.ar; name = "libPods-pashmak-gui-OpenCV.a"; path = "Pods/build/Debug-iphoneos/libPods-pashmak-gui-OpenCV.a"; sourceTree = "<group>"; };
		7619A3C31974F02C006429AF /* xlMain.h */ = {isa = PBXFileReference; fileEncoding = 4; lastKnownFileType = sourcecode.c.h; path = xlMain.h; sourceTree = "<group>"; };
		7619A3C41974F02C006429AF /* xlMain.mm */ = {isa = PBXFileReference; fileEncoding = 4; lastKnownFileType = sourcecode.cpp.objcpp; path = xlMain.mm; sourceTree = "<group>"; };
		7619A3C61974F84F006429AF /* Lenna.png */ = {isa = PBXFileReference; lastKnownFileType = image.png; path = Lenna.png; sourceTree = "<group>"; };
		7619A3C81974FDD4006429AF /* Lenna.jpg */ = {isa = PBXFileReference; lastKnownFileType = image.jpeg; path = Lenna.jpg; sourceTree = "<group>"; };
		76AE926D19820DC800341655 /* filmscratches.m4v */ = {isa = PBXFileReference; lastKnownFileType = file; name = filmscratches.m4v; path = ../core/Assets/filmscratches.m4v; sourceTree = "<group>"; };
		76AE926F19820DC800341655 /* _Three.mp4 */ = {isa = PBXFileReference; lastKnownFileType = file; path = _Three.mp4; sourceTree = "<group>"; };
		76AE927019820DC800341655 /* Blah.mp4 */ = {isa = PBXFileReference; lastKnownFileType = file; path = Blah.mp4; sourceTree = "<group>"; };
		76AE927119820DC800341655 /* IMG_0541.jpg */ = {isa = PBXFileReference; lastKnownFileType = image.jpeg; path = IMG_0541.jpg; sourceTree = "<group>"; };
		76AE927219820DC800341655 /* Lenna.jpg */ = {isa = PBXFileReference; lastKnownFileType = image.jpeg; path = Lenna.jpg; sourceTree = "<group>"; };
		76AE927319820DC800341655 /* SanDiego.mp4 */ = {isa = PBXFileReference; lastKnownFileType = file; path = SanDiego.mp4; sourceTree = "<group>"; };
		76AE927419820DC800341655 /* output.wmv */ = {isa = PBXFileReference; lastKnownFileType = file; path = output.wmv; sourceTree = "<group>"; };
		76AE927619820DC800341655 /* AggregatedFilter.cpp */ = {isa = PBXFileReference; fileEncoding = 4; lastKnownFileType = sourcecode.cpp.cpp; path = AggregatedFilter.cpp; sourceTree = "<group>"; };
		76AE927719820DC800341655 /* AggregatedFilter.h */ = {isa = PBXFileReference; fileEncoding = 4; lastKnownFileType = sourcecode.c.h; path = AggregatedFilter.h; sourceTree = "<group>"; };
		76AE927819820DC800341655 /* BilateralBlurFilter.cpp */ = {isa = PBXFileReference; fileEncoding = 4; lastKnownFileType = sourcecode.cpp.cpp; path = BilateralBlurFilter.cpp; sourceTree = "<group>"; };
		76AE927919820DC800341655 /* BilateralBlurFilter.h */ = {isa = PBXFileReference; fileEncoding = 4; lastKnownFileType = sourcecode.c.h; path = BilateralBlurFilter.h; sourceTree = "<group>"; };
		76AE927A19820DC800341655 /* CartoonTheme.cpp */ = {isa = PBXFileReference; fileEncoding = 4; lastKnownFileType = sourcecode.cpp.cpp; path = CartoonTheme.cpp; sourceTree = "<group>"; };
		76AE927B19820DC800341655 /* CartoonTheme.h */ = {isa = PBXFileReference; fileEncoding = 4; lastKnownFileType = sourcecode.c.h; path = CartoonTheme.h; sourceTree = "<group>"; };
		76AE927C19820DC800341655 /* ColorReductionFilter.cpp */ = {isa = PBXFileReference; fileEncoding = 4; lastKnownFileType = sourcecode.cpp.cpp; path = ColorReductionFilter.cpp; sourceTree = "<group>"; };
		76AE927D19820DC800341655 /* ColorReductionFilter.h */ = {isa = PBXFileReference; fileEncoding = 4; lastKnownFileType = sourcecode.c.h; path = ColorReductionFilter.h; sourceTree = "<group>"; };
		76AE927E19820DC800341655 /* Configuration.cpp */ = {isa = PBXFileReference; fileEncoding = 4; lastKnownFileType = sourcecode.cpp.cpp; path = Configuration.cpp; sourceTree = "<group>"; };
		76AE927F19820DC800341655 /* Configuration.h */ = {isa = PBXFileReference; fileEncoding = 4; lastKnownFileType = sourcecode.c.h; path = Configuration.h; sourceTree = "<group>"; };
		76AE928019820DC800341655 /* Constants.h */ = {isa = PBXFileReference; fileEncoding = 4; lastKnownFileType = sourcecode.c.h; path = Constants.h; sourceTree = "<group>"; };
		76AE928119820DC800341655 /* Engine.cpp */ = {isa = PBXFileReference; fileEncoding = 4; lastKnownFileType = sourcecode.cpp.cpp; path = Engine.cpp; sourceTree = "<group>"; };
		76AE928219820DC800341655 /* Engine.h */ = {isa = PBXFileReference; fileEncoding = 4; lastKnownFileType = sourcecode.c.h; path = Engine.h; sourceTree = "<group>"; };
		76AE928319820DC800341655 /* FileManager.cpp */ = {isa = PBXFileReference; fileEncoding = 4; lastKnownFileType = sourcecode.cpp.cpp; path = FileManager.cpp; sourceTree = "<group>"; };
		76AE928419820DC800341655 /* FileManager.h */ = {isa = PBXFileReference; fileEncoding = 4; lastKnownFileType = sourcecode.c.h; path = FileManager.h; sourceTree = "<group>"; };
		76AE928519820DC800341655 /* Filter.cpp */ = {isa = PBXFileReference; fileEncoding = 4; lastKnownFileType = sourcecode.cpp.cpp; path = Filter.cpp; sourceTree = "<group>"; };
		76AE928619820DC800341655 /* Filter.h */ = {isa = PBXFileReference; fileEncoding = 4; lastKnownFileType = sourcecode.c.h; path = Filter.h; sourceTree = "<group>"; };
		76AE928719820DC800341655 /* GaussianNoiseFilter.cpp */ = {isa = PBXFileReference; fileEncoding = 4; lastKnownFileType = sourcecode.cpp.cpp; path = GaussianNoiseFilter.cpp; sourceTree = "<group>"; };
		76AE928819820DC800341655 /* GaussianNoiseFilter.h */ = {isa = PBXFileReference; fileEncoding = 4; lastKnownFileType = sourcecode.c.h; path = GaussianNoiseFilter.h; sourceTree = "<group>"; };
		76AE928919820DC800341655 /* GaussianWindowFilter.cpp */ = {isa = PBXFileReference; fileEncoding = 4; lastKnownFileType = sourcecode.cpp.cpp; path = GaussianWindowFilter.cpp; sourceTree = "<group>"; };
		76AE928A19820DC800341655 /* GaussianWindowFilter.h */ = {isa = PBXFileReference; fileEncoding = 4; lastKnownFileType = sourcecode.c.h; path = GaussianWindowFilter.h; sourceTree = "<group>"; };
		76AE928B19820DC800341655 /* GrayscaleFilter.cpp */ = {isa = PBXFileReference; fileEncoding = 4; lastKnownFileType = sourcecode.cpp.cpp; path = GrayscaleFilter.cpp; sourceTree = "<group>"; };
		76AE928C19820DC800341655 /* GrayscaleFilter.h */ = {isa = PBXFileReference; fileEncoding = 4; lastKnownFileType = sourcecode.c.h; path = GrayscaleFilter.h; sourceTree = "<group>"; };
		76AE928D19820DC800341655 /* main.cpp */ = {isa = PBXFileReference; fileEncoding = 4; lastKnownFileType = sourcecode.cpp.cpp; path = main.cpp; sourceTree = "<group>"; };
		76AE928E19820DC800341655 /* Media.cpp */ = {isa = PBXFileReference; fileEncoding = 4; lastKnownFileType = sourcecode.cpp.cpp; path = Media.cpp; sourceTree = "<group>"; };
		76AE928F19820DC800341655 /* Media.h */ = {isa = PBXFileReference; fileEncoding = 4; lastKnownFileType = sourcecode.c.h; path = Media.h; sourceTree = "<group>"; };
		76AE929019820DC800341655 /* MediaManager.cpp */ = {isa = PBXFileReference; fileEncoding = 4; lastKnownFileType = sourcecode.cpp.cpp; path = MediaManager.cpp; sourceTree = "<group>"; };
		76AE929119820DC800341655 /* MediaManager.h */ = {isa = PBXFileReference; fileEncoding = 4; lastKnownFileType = sourcecode.c.h; path = MediaManager.h; sourceTree = "<group>"; };
		76AE929219820DC800341655 /* MultiplyFilter.cpp */ = {isa = PBXFileReference; fileEncoding = 4; lastKnownFileType = sourcecode.cpp.cpp; path = MultiplyFilter.cpp; sourceTree = "<group>"; };
		76AE929319820DC800341655 /* MultiplyFilter.h */ = {isa = PBXFileReference; fileEncoding = 4; lastKnownFileType = sourcecode.c.h; path = MultiplyFilter.h; sourceTree = "<group>"; };
		76AE929419820DC800341655 /* NoOpFilter.cpp */ = {isa = PBXFileReference; fileEncoding = 4; lastKnownFileType = sourcecode.cpp.cpp; path = NoOpFilter.cpp; sourceTree = "<group>"; };
		76AE929519820DC800341655 /* NoOpFilter.h */ = {isa = PBXFileReference; fileEncoding = 4; lastKnownFileType = sourcecode.c.h; path = NoOpFilter.h; sourceTree = "<group>"; };
		76AE929619820DC800341655 /* OldieFilter.cpp */ = {isa = PBXFileReference; fileEncoding = 4; lastKnownFileType = sourcecode.cpp.cpp; path = OldieFilter.cpp; sourceTree = "<group>"; };
		76AE929719820DC800341655 /* OldieFilter.h */ = {isa = PBXFileReference; fileEncoding = 4; lastKnownFileType = sourcecode.c.h; path = OldieFilter.h; sourceTree = "<group>"; };
		76AE929819820DC800341655 /* OldieTheme.cpp */ = {isa = PBXFileReference; fileEncoding = 4; lastKnownFileType = sourcecode.cpp.cpp; path = OldieTheme.cpp; sourceTree = "<group>"; };
		76AE929919820DC800341655 /* OldieTheme.h */ = {isa = PBXFileReference; fileEncoding = 4; lastKnownFileType = sourcecode.c.h; path = OldieTheme.h; sourceTree = "<group>"; };
		76AE929A19820DC800341655 /* Pashmak.vcxproj */ = {isa = PBXFileReference; fileEncoding = 4; lastKnownFileType = text.xml; path = Pashmak.vcxproj; sourceTree = "<group>"; };
		76AE929B19820DC800341655 /* Pashmak.vcxproj.filters */ = {isa = PBXFileReference; fileEncoding = 4; lastKnownFileType = text.xml; path = Pashmak.vcxproj.filters; sourceTree = "<group>"; };
		76AE929C19820DC800341655 /* Picture.cpp */ = {isa = PBXFileReference; fileEncoding = 4; lastKnownFileType = sourcecode.cpp.cpp; path = Picture.cpp; sourceTree = "<group>"; };
		76AE929D19820DC800341655 /* Picture.h */ = {isa = PBXFileReference; fileEncoding = 4; lastKnownFileType = sourcecode.c.h; path = Picture.h; sourceTree = "<group>"; };
		76AE929E19820DC800341655 /* PosterizationFilter.cpp */ = {isa = PBXFileReference; fileEncoding = 4; lastKnownFileType = sourcecode.cpp.cpp; path = PosterizationFilter.cpp; sourceTree = "<group>"; };
		76AE929F19820DC800341655 /* PosterizationFilter.h */ = {isa = PBXFileReference; fileEncoding = 4; lastKnownFileType = sourcecode.c.h; path = PosterizationFilter.h; sourceTree = "<group>"; };
		76AE92A019820DC800341655 /* SepiaFilter.cpp */ = {isa = PBXFileReference; fileEncoding = 4; lastKnownFileType = sourcecode.cpp.cpp; path = SepiaFilter.cpp; sourceTree = "<group>"; };
		76AE92A119820DC800341655 /* SepiaFilter.h */ = {isa = PBXFileReference; fileEncoding = 4; lastKnownFileType = sourcecode.c.h; path = SepiaFilter.h; sourceTree = "<group>"; };
		76AE92A219820DC800341655 /* SobelEdgeFilter.cpp */ = {isa = PBXFileReference; fileEncoding = 4; lastKnownFileType = sourcecode.cpp.cpp; path = SobelEdgeFilter.cpp; sourceTree = "<group>"; };
		76AE92A319820DC800341655 /* SobelEdgeFilter.h */ = {isa = PBXFileReference; fileEncoding = 4; lastKnownFileType = sourcecode.c.h; path = SobelEdgeFilter.h; sourceTree = "<group>"; };
		76AE92A419820DC800341655 /* StillPictureVideo.cpp */ = {isa = PBXFileReference; fileEncoding = 4; lastKnownFileType = sourcecode.cpp.cpp; path = StillPictureVideo.cpp; sourceTree = "<group>"; };
		76AE92A519820DC800341655 /* StillPictureVideo.h */ = {isa = PBXFileReference; fileEncoding = 4; lastKnownFileType = sourcecode.c.h; path = StillPictureVideo.h; sourceTree = "<group>"; };
		76AE92A619820DC800341655 /* Theme.cpp */ = {isa = PBXFileReference; fileEncoding = 4; lastKnownFileType = sourcecode.cpp.cpp; path = Theme.cpp; sourceTree = "<group>"; };
		76AE92A719820DC800341655 /* Theme.h */ = {isa = PBXFileReference; fileEncoding = 4; lastKnownFileType = sourcecode.c.h; path = Theme.h; sourceTree = "<group>"; };
		76AE92A819820DC800341655 /* ThemeFactory.cpp */ = {isa = PBXFileReference; fileEncoding = 4; lastKnownFileType = sourcecode.cpp.cpp; path = ThemeFactory.cpp; sourceTree = "<group>"; };
		76AE92A919820DC800341655 /* ThemeFactory.h */ = {isa = PBXFileReference; fileEncoding = 4; lastKnownFileType = sourcecode.c.h; path = ThemeFactory.h; sourceTree = "<group>"; };
		76AE92AA19820DC800341655 /* ThemeManager.cpp */ = {isa = PBXFileReference; fileEncoding = 4; lastKnownFileType = sourcecode.cpp.cpp; path = ThemeManager.cpp; sourceTree = "<group>"; };
		76AE92AB19820DC800341655 /* ThemeManager.h */ = {isa = PBXFileReference; fileEncoding = 4; lastKnownFileType = sourcecode.c.h; path = ThemeManager.h; sourceTree = "<group>"; };
		76AE92AC19820DC800341655 /* Utils.cpp */ = {isa = PBXFileReference; fileEncoding = 4; lastKnownFileType = sourcecode.cpp.cpp; path = Utils.cpp; sourceTree = "<group>"; };
		76AE92AD19820DC800341655 /* Utils.h */ = {isa = PBXFileReference; fileEncoding = 4; lastKnownFileType = sourcecode.c.h; path = Utils.h; sourceTree = "<group>"; };
		76AE92AE19820DC800341655 /* Video.cpp */ = {isa = PBXFileReference; fileEncoding = 4; lastKnownFileType = sourcecode.cpp.cpp; path = Video.cpp; sourceTree = "<group>"; };
		76AE92AF19820DC800341655 /* Video.h */ = {isa = PBXFileReference; fileEncoding = 4; lastKnownFileType = sourcecode.c.h; path = Video.h; sourceTree = "<group>"; };
		76AE92B019820DC800341655 /* VideoCut.cpp */ = {isa = PBXFileReference; fileEncoding = 4; lastKnownFileType = sourcecode.cpp.cpp; path = VideoCut.cpp; sourceTree = "<group>"; };
		76AE92B119820DC800341655 /* VideoCut.h */ = {isa = PBXFileReference; fileEncoding = 4; lastKnownFileType = sourcecode.c.h; path = VideoCut.h; sourceTree = "<group>"; };
		76AE92B219820DC800341655 /* VideoFile.cpp */ = {isa = PBXFileReference; fileEncoding = 4; lastKnownFileType = sourcecode.cpp.cpp; path = VideoFile.cpp; sourceTree = "<group>"; };
		76AE92B319820DC800341655 /* VideoFile.h */ = {isa = PBXFileReference; fileEncoding = 4; lastKnownFileType = sourcecode.c.h; path = VideoFile.h; sourceTree = "<group>"; };
		76AE92B419820DC800341655 /* VideoFilter.cpp */ = {isa = PBXFileReference; fileEncoding = 4; lastKnownFileType = sourcecode.cpp.cpp; path = VideoFilter.cpp; sourceTree = "<group>"; };
		76AE92B519820DC800341655 /* VideoFilter.h */ = {isa = PBXFileReference; fileEncoding = 4; lastKnownFileType = sourcecode.c.h; path = VideoFilter.h; sourceTree = "<group>"; };
		76AE92B619820DC800341655 /* VideoWriter.cpp */ = {isa = PBXFileReference; fileEncoding = 4; lastKnownFileType = sourcecode.cpp.cpp; path = VideoWriter.cpp; sourceTree = "<group>"; };
		76AE92B719820DC800341655 /* VideoWriter.h */ = {isa = PBXFileReference; fileEncoding = 4; lastKnownFileType = sourcecode.c.h; path = VideoWriter.h; sourceTree = "<group>"; };
		76AE92B819820DC800341655 /* Pashmak.sln */ = {isa = PBXFileReference; fileEncoding = 4; lastKnownFileType = text; path = Pashmak.sln; sourceTree = "<group>"; };
		76AE92B919820DC800341655 /* README.md */ = {isa = PBXFileReference; fileEncoding = 4; lastKnownFileType = text; path = README.md; sourceTree = "<group>"; };
		76E0DE181999D69A00640150 /* a.m4v */ = {isa = PBXFileReference; lastKnownFileType = file; path = a.m4v; sourceTree = "<group>"; };
		76E0DE1B1999EFA600640150 /* b.m4v */ = {isa = PBXFileReference; lastKnownFileType = file; path = b.m4v; sourceTree = "<group>"; };
		A5EFD27D7DE44B95A6D6EA60 /* libPods-pashmak-gui.a */ = {isa = PBXFileReference; explicitFileType = archive.ar; includeInIndex = 0; path = "libPods-pashmak-gui.a"; sourceTree = BUILT_PRODUCTS_DIR; };
		C510A76A1999DE2F003BEC9B /* FadingTransition.cpp */ = {isa = PBXFileReference; fileEncoding = 4; lastKnownFileType = sourcecode.cpp.cpp; path = FadingTransition.cpp; sourceTree = "<group>"; };
		C510A76B1999DE2F003BEC9B /* FadingTransition.h */ = {isa = PBXFileReference; fileEncoding = 4; lastKnownFileType = sourcecode.c.h; path = FadingTransition.h; sourceTree = "<group>"; };
		C510A76C1999DE2F003BEC9B /* HardTransition.cpp */ = {isa = PBXFileReference; fileEncoding = 4; lastKnownFileType = sourcecode.cpp.cpp; path = HardTransition.cpp; sourceTree = "<group>"; };
		C510A76D1999DE2F003BEC9B /* HardTransition.h */ = {isa = PBXFileReference; fileEncoding = 4; lastKnownFileType = sourcecode.c.h; path = HardTransition.h; sourceTree = "<group>"; };
		C510A76E1999DE2F003BEC9B /* Transition.cpp */ = {isa = PBXFileReference; fileEncoding = 4; lastKnownFileType = sourcecode.cpp.cpp; path = Transition.cpp; sourceTree = "<group>"; };
		C510A76F1999DE2F003BEC9B /* Transition.h */ = {isa = PBXFileReference; fileEncoding = 4; lastKnownFileType = sourcecode.c.h; path = Transition.h; sourceTree = "<group>"; };
/* End PBXFileReference section */

/* Begin PBXFrameworksBuildPhase section */
		7619A33B1974E993006429AF /* Frameworks */ = {
			isa = PBXFrameworksBuildPhase;
			buildActionMask = 2147483647;
			files = (
				7619A3441974E993006429AF /* CoreGraphics.framework in Frameworks */,
				7619A3461974E993006429AF /* UIKit.framework in Frameworks */,
				7619A3421974E993006429AF /* Foundation.framework in Frameworks */,
				E475838FFC434E7FB33C800B /* libPods-pashmak-gui.a in Frameworks */,
			);
			runOnlyForDeploymentPostprocessing = 0;
		};
		7619A35F1974E994006429AF /* Frameworks */ = {
			isa = PBXFrameworksBuildPhase;
			buildActionMask = 2147483647;
			files = (
				7619A3641974E994006429AF /* XCTest.framework in Frameworks */,
				7619A3661974E994006429AF /* UIKit.framework in Frameworks */,
				7619A3651974E994006429AF /* Foundation.framework in Frameworks */,
			);
			runOnlyForDeploymentPostprocessing = 0;
		};
/* End PBXFrameworksBuildPhase section */

/* Begin PBXGroup section */
		7619A3351974E992006429AF = {
			isa = PBXGroup;
			children = (
				76E0DE1B1999EFA600640150 /* b.m4v */,
				76E0DE181999D69A00640150 /* a.m4v */,
				76AE926D19820DC800341655 /* filmscratches.m4v */,
				76AE926B19820DC800341655 /* core */,
				7619A3C81974FDD4006429AF /* Lenna.jpg */,
				7619A3C61974F84F006429AF /* Lenna.png */,
				7619A3471974E993006429AF /* pashmak-gui */,
				7619A3691974E994006429AF /* pashmak-guiTests */,
				7619A3401974E993006429AF /* Frameworks */,
				7619A33F1974E993006429AF /* Products */,
				01F2969638FF4833AA75699C /* Pods-pashmak-gui.xcconfig */,
			);
			sourceTree = "<group>";
		};
		7619A33F1974E993006429AF /* Products */ = {
			isa = PBXGroup;
			children = (
				7619A33E1974E993006429AF /* pashmak-gui.app */,
				7619A3621974E994006429AF /* pashmak-guiTests.xctest */,
			);
			name = Products;
			sourceTree = "<group>";
		};
		7619A3401974E993006429AF /* Frameworks */ = {
			isa = PBXGroup;
			children = (
				7619A3791974EAC7006429AF /* libPods-pashmak-gui-OpenCV.a */,
				7619A3411974E993006429AF /* Foundation.framework */,
				7619A3431974E993006429AF /* CoreGraphics.framework */,
				7619A3451974E993006429AF /* UIKit.framework */,
				7619A3631974E994006429AF /* XCTest.framework */,
				A5EFD27D7DE44B95A6D6EA60 /* libPods-pashmak-gui.a */,
			);
			name = Frameworks;
			sourceTree = "<group>";
		};
		7619A3471974E993006429AF /* pashmak-gui */ = {
			isa = PBXGroup;
			children = (
				7619A3501974E993006429AF /* xlAppDelegate.h */,
				7619A3511974E993006429AF /* xlAppDelegate.m */,
				7619A3531974E993006429AF /* Main.storyboard */,
				7619A35C1974E993006429AF /* Images.xcassets */,
				7619A3481974E993006429AF /* Supporting Files */,
				7619A3C31974F02C006429AF /* xlMain.h */,
				7619A3C41974F02C006429AF /* xlMain.mm */,
			);
			path = "pashmak-gui";
			sourceTree = "<group>";
		};
		7619A3481974E993006429AF /* Supporting Files */ = {
			isa = PBXGroup;
			children = (
				7619A3491974E993006429AF /* pashmak-gui-Info.plist */,
				7619A34A1974E993006429AF /* InfoPlist.strings */,
				7619A34D1974E993006429AF /* main.m */,
				7619A34F1974E993006429AF /* pashmak-gui-Prefix.pch */,
			);
			name = "Supporting Files";
			sourceTree = "<group>";
		};
		7619A3691974E994006429AF /* pashmak-guiTests */ = {
			isa = PBXGroup;
			children = (
				7619A36F1974E994006429AF /* pashmak_guiTests.m */,
				7619A36A1974E994006429AF /* Supporting Files */,
			);
			path = "pashmak-guiTests";
			sourceTree = "<group>";
		};
		7619A36A1974E994006429AF /* Supporting Files */ = {
			isa = PBXGroup;
			children = (
				7619A36B1974E994006429AF /* pashmak-guiTests-Info.plist */,
				7619A36C1974E994006429AF /* InfoPlist.strings */,
			);
			name = "Supporting Files";
			sourceTree = "<group>";
		};
		76AE926B19820DC800341655 /* core */ = {
			isa = PBXGroup;
			children = (
				76AE927419820DC800341655 /* output.wmv */,
				76AE926C19820DC800341655 /* Assets */,
				76AE926E19820DC800341655 /* Images */,
				76AE927519820DC800341655 /* Pashmak */,
				76AE92B819820DC800341655 /* Pashmak.sln */,
				76AE92B919820DC800341655 /* README.md */,
			);
			name = core;
			path = ../core;
			sourceTree = "<group>";
		};
		76AE926C19820DC800341655 /* Assets */ = {
			isa = PBXGroup;
			children = (
			);
			path = Assets;
			sourceTree = "<group>";
		};
		76AE926E19820DC800341655 /* Images */ = {
			isa = PBXGroup;
			children = (
				76AE926F19820DC800341655 /* _Three.mp4 */,
				76AE927019820DC800341655 /* Blah.mp4 */,
				76AE927119820DC800341655 /* IMG_0541.jpg */,
				76AE927219820DC800341655 /* Lenna.jpg */,
				76AE927319820DC800341655 /* SanDiego.mp4 */,
			);
			path = Images;
			sourceTree = "<group>";
		};
		76AE927519820DC800341655 /* Pashmak */ = {
			isa = PBXGroup;
			children = (
				C510A76A1999DE2F003BEC9B /* FadingTransition.cpp */,
				C510A76B1999DE2F003BEC9B /* FadingTransition.h */,
				C510A76C1999DE2F003BEC9B /* HardTransition.cpp */,
				C510A76D1999DE2F003BEC9B /* HardTransition.h */,
				C510A76E1999DE2F003BEC9B /* Transition.cpp */,
				C510A76F1999DE2F003BEC9B /* Transition.h */,
				76AE927619820DC800341655 /* AggregatedFilter.cpp */,
				76AE927719820DC800341655 /* AggregatedFilter.h */,
				76AE927819820DC800341655 /* BilateralBlurFilter.cpp */,
				76AE927919820DC800341655 /* BilateralBlurFilter.h */,
				76AE927A19820DC800341655 /* CartoonTheme.cpp */,
				76AE927B19820DC800341655 /* CartoonTheme.h */,
				76AE927C19820DC800341655 /* ColorReductionFilter.cpp */,
				76AE927D19820DC800341655 /* ColorReductionFilter.h */,
				76AE927E19820DC800341655 /* Configuration.cpp */,
				76AE927F19820DC800341655 /* Configuration.h */,
				76AE928019820DC800341655 /* Constants.h */,
				76AE928119820DC800341655 /* Engine.cpp */,
				76AE928219820DC800341655 /* Engine.h */,
				76AE928319820DC800341655 /* FileManager.cpp */,
				76AE928419820DC800341655 /* FileManager.h */,
				76AE928519820DC800341655 /* Filter.cpp */,
				76AE928619820DC800341655 /* Filter.h */,
				76AE928719820DC800341655 /* GaussianNoiseFilter.cpp */,
				76AE928819820DC800341655 /* GaussianNoiseFilter.h */,
				76AE928919820DC800341655 /* GaussianWindowFilter.cpp */,
				76AE928A19820DC800341655 /* GaussianWindowFilter.h */,
				76AE928B19820DC800341655 /* GrayscaleFilter.cpp */,
				76AE928C19820DC800341655 /* GrayscaleFilter.h */,
				76AE928D19820DC800341655 /* main.cpp */,
				76AE928E19820DC800341655 /* Media.cpp */,
				76AE928F19820DC800341655 /* Media.h */,
				76AE929019820DC800341655 /* MediaManager.cpp */,
				76AE929119820DC800341655 /* MediaManager.h */,
				76AE929219820DC800341655 /* MultiplyFilter.cpp */,
				76AE929319820DC800341655 /* MultiplyFilter.h */,
				76AE929419820DC800341655 /* NoOpFilter.cpp */,
				76AE929519820DC800341655 /* NoOpFilter.h */,
				76AE929619820DC800341655 /* OldieFilter.cpp */,
				76AE929719820DC800341655 /* OldieFilter.h */,
				76AE929819820DC800341655 /* OldieTheme.cpp */,
				76AE929919820DC800341655 /* OldieTheme.h */,
				76AE929A19820DC800341655 /* Pashmak.vcxproj */,
				76AE929B19820DC800341655 /* Pashmak.vcxproj.filters */,
				76AE929C19820DC800341655 /* Picture.cpp */,
				76AE929D19820DC800341655 /* Picture.h */,
				76AE929E19820DC800341655 /* PosterizationFilter.cpp */,
				76AE929F19820DC800341655 /* PosterizationFilter.h */,
				76AE92A019820DC800341655 /* SepiaFilter.cpp */,
				76AE92A119820DC800341655 /* SepiaFilter.h */,
				76AE92A219820DC800341655 /* SobelEdgeFilter.cpp */,
				76AE92A319820DC800341655 /* SobelEdgeFilter.h */,
				76AE92A419820DC800341655 /* StillPictureVideo.cpp */,
				76AE92A519820DC800341655 /* StillPictureVideo.h */,
				76AE92A619820DC800341655 /* Theme.cpp */,
				76AE92A719820DC800341655 /* Theme.h */,
				76AE92A819820DC800341655 /* ThemeFactory.cpp */,
				76AE92A919820DC800341655 /* ThemeFactory.h */,
				76AE92AA19820DC800341655 /* ThemeManager.cpp */,
				76AE92AB19820DC800341655 /* ThemeManager.h */,
				76AE92AC19820DC800341655 /* Utils.cpp */,
				76AE92AD19820DC800341655 /* Utils.h */,
				76AE92AE19820DC800341655 /* Video.cpp */,
				76AE92AF19820DC800341655 /* Video.h */,
				76AE92B019820DC800341655 /* VideoCut.cpp */,
				76AE92B119820DC800341655 /* VideoCut.h */,
				76AE92B219820DC800341655 /* VideoFile.cpp */,
				76AE92B319820DC800341655 /* VideoFile.h */,
				76AE92B419820DC800341655 /* VideoFilter.cpp */,
				76AE92B519820DC800341655 /* VideoFilter.h */,
				76AE92B619820DC800341655 /* VideoWriter.cpp */,
				76AE92B719820DC800341655 /* VideoWriter.h */,
			);
			path = Pashmak;
			sourceTree = "<group>";
		};
/* End PBXGroup section */

/* Begin PBXNativeTarget section */
		7619A33D1974E993006429AF /* pashmak-gui */ = {
			isa = PBXNativeTarget;
			buildConfigurationList = 7619A3731974E994006429AF /* Build configuration list for PBXNativeTarget "pashmak-gui" */;
			buildPhases = (
				30D369F6412C4DFA9611D96F /* Check Pods Manifest.lock */,
				7619A33A1974E993006429AF /* Sources */,
				7619A33B1974E993006429AF /* Frameworks */,
				7619A33C1974E993006429AF /* Resources */,
				C17ECC0FBD1549C9A7E63146 /* Copy Pods Resources */,
			);
			buildRules = (
			);
			dependencies = (
			);
			name = "pashmak-gui";
			productName = "pashmak-gui";
			productReference = 7619A33E1974E993006429AF /* pashmak-gui.app */;
			productType = "com.apple.product-type.application";
		};
		7619A3611974E994006429AF /* pashmak-guiTests */ = {
			isa = PBXNativeTarget;
			buildConfigurationList = 7619A3761974E994006429AF /* Build configuration list for PBXNativeTarget "pashmak-guiTests" */;
			buildPhases = (
				7619A35E1974E994006429AF /* Sources */,
				7619A35F1974E994006429AF /* Frameworks */,
				7619A3601974E994006429AF /* Resources */,
			);
			buildRules = (
			);
			dependencies = (
				7619A3681974E994006429AF /* PBXTargetDependency */,
			);
			name = "pashmak-guiTests";
			productName = "pashmak-guiTests";
			productReference = 7619A3621974E994006429AF /* pashmak-guiTests.xctest */;
			productType = "com.apple.product-type.bundle.unit-test";
		};
/* End PBXNativeTarget section */

/* Begin PBXProject section */
		7619A3361974E992006429AF /* Project object */ = {
			isa = PBXProject;
			attributes = {
				CLASSPREFIX = xl;
				LastUpgradeCheck = 0510;
				ORGANIZATIONNAME = "Sayed Hadi Hashemi";
				TargetAttributes = {
					7619A3611974E994006429AF = {
						TestTargetID = 7619A33D1974E993006429AF;
					};
				};
			};
			buildConfigurationList = 7619A3391974E992006429AF /* Build configuration list for PBXProject "pashmak-gui" */;
			compatibilityVersion = "Xcode 3.2";
			developmentRegion = English;
			hasScannedForEncodings = 0;
			knownRegions = (
				en,
				Base,
			);
			mainGroup = 7619A3351974E992006429AF;
			productRefGroup = 7619A33F1974E993006429AF /* Products */;
			projectDirPath = "";
			projectRoot = "";
			targets = (
				7619A33D1974E993006429AF /* pashmak-gui */,
				7619A3611974E994006429AF /* pashmak-guiTests */,
			);
		};
/* End PBXProject section */

/* Begin PBXResourcesBuildPhase section */
		7619A33C1974E993006429AF /* Resources */ = {
			isa = PBXResourcesBuildPhase;
			buildActionMask = 2147483647;
			files = (
				76AE92BE19820DC800341655 /* Lenna.jpg in Resources */,
				7619A3C71974F84F006429AF /* Lenna.png in Resources */,
				7619A35D1974E993006429AF /* Images.xcassets in Resources */,
				76AE92C019820DC800341655 /* output.wmv in Resources */,
				76AE92D319820DC800341655 /* Pashmak.vcxproj in Resources */,
				7619A34C1974E993006429AF /* InfoPlist.strings in Resources */,
				76AE92E419820DC800341655 /* README.md in Resources */,
				7619A3C91974FDD4006429AF /* Lenna.jpg in Resources */,
				76AE92BD19820DC800341655 /* IMG_0541.jpg in Resources */,
				76E0DE1C1999EFA600640150 /* b.m4v in Resources */,
				76E0DE191999D69A00640150 /* a.m4v in Resources */,
				76AE92BA19820DC800341655 /* filmscratches.m4v in Resources */,
				76AE92BB19820DC800341655 /* _Three.mp4 in Resources */,
				76AE92BC19820DC800341655 /* Blah.mp4 in Resources */,
				76AE92D419820DC800341655 /* Pashmak.vcxproj.filters in Resources */,
				76AE92E319820DC800341655 /* Pashmak.sln in Resources */,
				7619A3551974E993006429AF /* Main.storyboard in Resources */,
				76AE92BF19820DC800341655 /* SanDiego.mp4 in Resources */,
			);
			runOnlyForDeploymentPostprocessing = 0;
		};
		7619A3601974E994006429AF /* Resources */ = {
			isa = PBXResourcesBuildPhase;
			buildActionMask = 2147483647;
			files = (
				7619A36E1974E994006429AF /* InfoPlist.strings in Resources */,
			);
			runOnlyForDeploymentPostprocessing = 0;
		};
/* End PBXResourcesBuildPhase section */

/* Begin PBXShellScriptBuildPhase section */
		30D369F6412C4DFA9611D96F /* Check Pods Manifest.lock */ = {
			isa = PBXShellScriptBuildPhase;
			buildActionMask = 2147483647;
			files = (
			);
			inputPaths = (
			);
			name = "Check Pods Manifest.lock";
			outputPaths = (
			);
			runOnlyForDeploymentPostprocessing = 0;
			shellPath = /bin/sh;
			shellScript = "diff \"${PODS_ROOT}/../Podfile.lock\" \"${PODS_ROOT}/Manifest.lock\" > /dev/null\nif [[ $? != 0 ]] ; then\n    cat << EOM\nerror: The sandbox is not in sync with the Podfile.lock. Run 'pod install' or update your CocoaPods installation.\nEOM\n    exit 1\nfi\n";
			showEnvVarsInLog = 0;
		};
		C17ECC0FBD1549C9A7E63146 /* Copy Pods Resources */ = {
			isa = PBXShellScriptBuildPhase;
			buildActionMask = 2147483647;
			files = (
			);
			inputPaths = (
			);
			name = "Copy Pods Resources";
			outputPaths = (
			);
			runOnlyForDeploymentPostprocessing = 0;
			shellPath = /bin/sh;
			shellScript = "\"${SRCROOT}/Pods/Pods-pashmak-gui-resources.sh\"\n";
			showEnvVarsInLog = 0;
		};
/* End PBXShellScriptBuildPhase section */

/* Begin PBXSourcesBuildPhase section */
		7619A33A1974E993006429AF /* Sources */ = {
			isa = PBXSourcesBuildPhase;
			buildActionMask = 2147483647;
			files = (
				C510A7721999DE2F003BEC9B /* Transition.cpp in Sources */,
				76AE92DF19820DC800341655 /* VideoCut.cpp in Sources */,
				76AE92D019820DC800341655 /* NoOpFilter.cpp in Sources */,
				76AE92C319820DC800341655 /* CartoonTheme.cpp in Sources */,
				76AE92CB19820DC800341655 /* GrayscaleFilter.cpp in Sources */,
				76AE92C219820DC800341655 /* BilateralBlurFilter.cpp in Sources */,
				76AE92D819820DC800341655 /* SobelEdgeFilter.cpp in Sources */,
				76AE92C519820DC800341655 /* Configuration.cpp in Sources */,
				76AE92C819820DC800341655 /* Filter.cpp in Sources */,
				76AE92D519820DC800341655 /* Picture.cpp in Sources */,
				76AE92C719820DC800341655 /* FileManager.cpp in Sources */,
				76AE92E219820DC800341655 /* VideoWriter.cpp in Sources */,
				7619A3521974E993006429AF /* xlAppDelegate.m in Sources */,
				76AE92CF19820DC800341655 /* MultiplyFilter.cpp in Sources */,
				76AE92CA19820DC800341655 /* GaussianWindowFilter.cpp in Sources */,
				76AE92E119820DC800341655 /* VideoFilter.cpp in Sources */,
				76AE92DB19820DC800341655 /* ThemeFactory.cpp in Sources */,
				76AE92DD19820DC800341655 /* Utils.cpp in Sources */,
				C510A7711999DE2F003BEC9B /* HardTransition.cpp in Sources */,
				76AE92CE19820DC800341655 /* MediaManager.cpp in Sources */,
				76AE92D619820DC800341655 /* PosterizationFilter.cpp in Sources */,
				76AE92E019820DC800341655 /* VideoFile.cpp in Sources */,
				76AE92DC19820DC800341655 /* ThemeManager.cpp in Sources */,
				76AE92C419820DC800341655 /* ColorReductionFilter.cpp in Sources */,
				76AE92D219820DC800341655 /* OldieTheme.cpp in Sources */,
				76AE92D719820DC800341655 /* SepiaFilter.cpp in Sources */,
				76AE92CD19820DC800341655 /* Media.cpp in Sources */,
				7619A34E1974E993006429AF /* main.m in Sources */,
				76AE92C119820DC800341655 /* AggregatedFilter.cpp in Sources */,
				76AE92C619820DC800341655 /* Engine.cpp in Sources */,
				7619A3C51974F02C006429AF /* xlMain.mm in Sources */,
				C510A7701999DE2F003BEC9B /* FadingTransition.cpp in Sources */,
				76AE92C919820DC800341655 /* GaussianNoiseFilter.cpp in Sources */,
				76AE92DA19820DC800341655 /* Theme.cpp in Sources */,
				76AE92D119820DC800341655 /* OldieFilter.cpp in Sources */,
				76AE92DE19820DC800341655 /* Video.cpp in Sources */,
				76AE92D919820DC800341655 /* StillPictureVideo.cpp in Sources */,
			);
			runOnlyForDeploymentPostprocessing = 0;
		};
		7619A35E1974E994006429AF /* Sources */ = {
			isa = PBXSourcesBuildPhase;
			buildActionMask = 2147483647;
			files = (
				7619A3701974E994006429AF /* pashmak_guiTests.m in Sources */,
			);
			runOnlyForDeploymentPostprocessing = 0;
		};
/* End PBXSourcesBuildPhase section */

/* Begin PBXTargetDependency section */
		7619A3681974E994006429AF /* PBXTargetDependency */ = {
			isa = PBXTargetDependency;
			target = 7619A33D1974E993006429AF /* pashmak-gui */;
			targetProxy = 7619A3671974E994006429AF /* PBXContainerItemProxy */;
		};
/* End PBXTargetDependency section */

/* Begin PBXVariantGroup section */
		7619A34A1974E993006429AF /* InfoPlist.strings */ = {
			isa = PBXVariantGroup;
			children = (
				7619A34B1974E993006429AF /* en */,
			);
			name = InfoPlist.strings;
			sourceTree = "<group>";
		};
		7619A3531974E993006429AF /* Main.storyboard */ = {
			isa = PBXVariantGroup;
			children = (
				7619A3541974E993006429AF /* Base */,
			);
			name = Main.storyboard;
			sourceTree = "<group>";
		};
		7619A36C1974E994006429AF /* InfoPlist.strings */ = {
			isa = PBXVariantGroup;
			children = (
				7619A36D1974E994006429AF /* en */,
			);
			name = InfoPlist.strings;
			sourceTree = "<group>";
		};
/* End PBXVariantGroup section */

/* Begin XCBuildConfiguration section */
		7619A3711974E994006429AF /* Debug */ = {
			isa = XCBuildConfiguration;
			buildSettings = {
				ALWAYS_SEARCH_USER_PATHS = NO;
				CLANG_CXX_LANGUAGE_STANDARD = "gnu++0x";
				CLANG_CXX_LIBRARY = "libc++";
				CLANG_ENABLE_MODULES = YES;
				CLANG_ENABLE_OBJC_ARC = YES;
				CLANG_WARN_BOOL_CONVERSION = YES;
				CLANG_WARN_CONSTANT_CONVERSION = YES;
				CLANG_WARN_DIRECT_OBJC_ISA_USAGE = YES_ERROR;
				CLANG_WARN_EMPTY_BODY = YES;
				CLANG_WARN_ENUM_CONVERSION = YES;
				CLANG_WARN_INT_CONVERSION = YES;
				CLANG_WARN_OBJC_ROOT_CLASS = YES_ERROR;
				CLANG_WARN__DUPLICATE_METHOD_MATCH = YES;
				"CODE_SIGN_IDENTITY[sdk=iphoneos*]" = "iPhone Developer";
				COPY_PHASE_STRIP = NO;
				GCC_C_LANGUAGE_STANDARD = gnu99;
				GCC_DYNAMIC_NO_PIC = NO;
				GCC_OPTIMIZATION_LEVEL = 0;
				GCC_PREPROCESSOR_DEFINITIONS = (
					"DEBUG=1",
					"$(inherited)",
				);
				GCC_SYMBOLS_PRIVATE_EXTERN = NO;
				GCC_WARN_64_TO_32_BIT_CONVERSION = YES;
				GCC_WARN_ABOUT_RETURN_TYPE = YES_ERROR;
				GCC_WARN_UNDECLARED_SELECTOR = YES;
				GCC_WARN_UNINITIALIZED_AUTOS = YES_AGGRESSIVE;
				GCC_WARN_UNUSED_FUNCTION = YES;
				GCC_WARN_UNUSED_VARIABLE = YES;
				IPHONEOS_DEPLOYMENT_TARGET = 7.1;
				ONLY_ACTIVE_ARCH = YES;
				SDKROOT = iphoneos;
			};
			name = Debug;
		};
		7619A3721974E994006429AF /* Release */ = {
			isa = XCBuildConfiguration;
			buildSettings = {
				ALWAYS_SEARCH_USER_PATHS = NO;
				CLANG_CXX_LANGUAGE_STANDARD = "gnu++0x";
				CLANG_CXX_LIBRARY = "libc++";
				CLANG_ENABLE_MODULES = YES;
				CLANG_ENABLE_OBJC_ARC = YES;
				CLANG_WARN_BOOL_CONVERSION = YES;
				CLANG_WARN_CONSTANT_CONVERSION = YES;
				CLANG_WARN_DIRECT_OBJC_ISA_USAGE = YES_ERROR;
				CLANG_WARN_EMPTY_BODY = YES;
				CLANG_WARN_ENUM_CONVERSION = YES;
				CLANG_WARN_INT_CONVERSION = YES;
				CLANG_WARN_OBJC_ROOT_CLASS = YES_ERROR;
				CLANG_WARN__DUPLICATE_METHOD_MATCH = YES;
				"CODE_SIGN_IDENTITY[sdk=iphoneos*]" = "iPhone Developer";
				COPY_PHASE_STRIP = YES;
				ENABLE_NS_ASSERTIONS = NO;
				GCC_C_LANGUAGE_STANDARD = gnu99;
				GCC_WARN_64_TO_32_BIT_CONVERSION = YES;
				GCC_WARN_ABOUT_RETURN_TYPE = YES_ERROR;
				GCC_WARN_UNDECLARED_SELECTOR = YES;
				GCC_WARN_UNINITIALIZED_AUTOS = YES_AGGRESSIVE;
				GCC_WARN_UNUSED_FUNCTION = YES;
				GCC_WARN_UNUSED_VARIABLE = YES;
				IPHONEOS_DEPLOYMENT_TARGET = 7.1;
				SDKROOT = iphoneos;
				VALIDATE_PRODUCT = YES;
			};
			name = Release;
		};
		7619A3741974E994006429AF /* Debug */ = {
			isa = XCBuildConfiguration;
			baseConfigurationReference = 01F2969638FF4833AA75699C /* Pods-pashmak-gui.xcconfig */;
			buildSettings = {
				ASSETCATALOG_COMPILER_APPICON_NAME = AppIcon;
				ASSETCATALOG_COMPILER_LAUNCHIMAGE_NAME = LaunchImage;
				CLANG_CXX_LANGUAGE_STANDARD = "gnu++0x";
				"CODE_SIGN_IDENTITY[sdk=iphoneos*]" = "iPhone Developer: Norman Ko (CD8J64T87T)";
				GCC_PRECOMPILE_PREFIX_HEADER = YES;
				GCC_PREFIX_HEADER = "pashmak-gui/pashmak-gui-Prefix.pch";
				INFOPLIST_FILE = "pashmak-gui/pashmak-gui-Info.plist";
				LIBRARY_SEARCH_PATHS = (
					"$(inherited)",
					"$(PROJECT_DIR)/Pods/build/Debug-iphoneos",
				);
				PRODUCT_NAME = "$(TARGET_NAME)";
				WRAPPER_EXTENSION = app;
			};
			name = Debug;
		};
		7619A3751974E994006429AF /* Release */ = {
			isa = XCBuildConfiguration;
			baseConfigurationReference = 01F2969638FF4833AA75699C /* Pods-pashmak-gui.xcconfig */;
			buildSettings = {
				ASSETCATALOG_COMPILER_APPICON_NAME = AppIcon;
				ASSETCATALOG_COMPILER_LAUNCHIMAGE_NAME = LaunchImage;
				CLANG_CXX_LANGUAGE_STANDARD = "gnu++0x";
				"CODE_SIGN_IDENTITY[sdk=iphoneos*]" = "iPhone Developer: Norman Ko (CD8J64T87T)";
				GCC_PRECOMPILE_PREFIX_HEADER = YES;
				GCC_PREFIX_HEADER = "pashmak-gui/pashmak-gui-Prefix.pch";
				INFOPLIST_FILE = "pashmak-gui/pashmak-gui-Info.plist";
				LIBRARY_SEARCH_PATHS = (
					"$(inherited)",
					"$(PROJECT_DIR)/Pods/build/Debug-iphoneos",
				);
				PRODUCT_NAME = "$(TARGET_NAME)";
				WRAPPER_EXTENSION = app;
			};
			name = Release;
		};
		7619A3771974E994006429AF /* Debug */ = {
			isa = XCBuildConfiguration;
			buildSettings = {
				BUNDLE_LOADER = "$(BUILT_PRODUCTS_DIR)/pashmak-gui.app/pashmak-gui";
				FRAMEWORK_SEARCH_PATHS = (
					"$(SDKROOT)/Developer/Library/Frameworks",
					"$(inherited)",
					"$(DEVELOPER_FRAMEWORKS_DIR)",
				);
				GCC_PRECOMPILE_PREFIX_HEADER = YES;
				GCC_PREFIX_HEADER = "pashmak-gui/pashmak-gui-Prefix.pch";
				GCC_PREPROCESSOR_DEFINITIONS = (
					"DEBUG=1",
					"$(inherited)",
				);
				INFOPLIST_FILE = "pashmak-guiTests/pashmak-guiTests-Info.plist";
				PRODUCT_NAME = "$(TARGET_NAME)";
				TEST_HOST = "$(BUNDLE_LOADER)";
				WRAPPER_EXTENSION = xctest;
			};
			name = Debug;
		};
		7619A3781974E994006429AF /* Release */ = {
			isa = XCBuildConfiguration;
			buildSettings = {
				BUNDLE_LOADER = "$(BUILT_PRODUCTS_DIR)/pashmak-gui.app/pashmak-gui";
				FRAMEWORK_SEARCH_PATHS = (
					"$(SDKROOT)/Developer/Library/Frameworks",
					"$(inherited)",
					"$(DEVELOPER_FRAMEWORKS_DIR)",
				);
				GCC_PRECOMPILE_PREFIX_HEADER = YES;
				GCC_PREFIX_HEADER = "pashmak-gui/pashmak-gui-Prefix.pch";
				INFOPLIST_FILE = "pashmak-guiTests/pashmak-guiTests-Info.plist";
				PRODUCT_NAME = "$(TARGET_NAME)";
				TEST_HOST = "$(BUNDLE_LOADER)";
				WRAPPER_EXTENSION = xctest;
			};
			name = Release;
		};
/* End XCBuildConfiguration section */

/* Begin XCConfigurationList section */
		7619A3391974E992006429AF /* Build configuration list for PBXProject "pashmak-gui" */ = {
			isa = XCConfigurationList;
			buildConfigurations = (
				7619A3711974E994006429AF /* Debug */,
				7619A3721974E994006429AF /* Release */,
			);
			defaultConfigurationIsVisible = 0;
			defaultConfigurationName = Release;
		};
		7619A3731974E994006429AF /* Build configuration list for PBXNativeTarget "pashmak-gui" */ = {
			isa = XCConfigurationList;
			buildConfigurations = (
				7619A3741974E994006429AF /* Debug */,
				7619A3751974E994006429AF /* Release */,
			);
			defaultConfigurationIsVisible = 0;
			defaultConfigurationName = Release;
		};
		7619A3761974E994006429AF /* Build configuration list for PBXNativeTarget "pashmak-guiTests" */ = {
			isa = XCConfigurationList;
			buildConfigurations = (
				7619A3771974E994006429AF /* Debug */,
				7619A3781974E994006429AF /* Release */,
			);
			defaultConfigurationIsVisible = 0;
			defaultConfigurationName = Release;
		};
/* End XCConfigurationList section */
	};
	rootObject = 7619A3361974E992006429AF /* Project object */;
}
