// !$*UTF8*$!
{
	archiveVersion = 1;
	classes = {
	};
	objectVersion = 46;
	objects = {

/* Begin PBXBuildFile section */
		7619A3421974E993006429AF /* Foundation.framework in Frameworks */ = {isa = PBXBuildFile; fileRef = 7619A3411974E993006429AF /* Foundation.framework */; };
		7619A3441974E993006429AF /* CoreGraphics.framework in Frameworks */ = {isa = PBXBuildFile; fileRef = 7619A3431974E993006429AF /* CoreGraphics.framework */; };
		7619A3461974E993006429AF /* UIKit.framework in Frameworks */ = {isa = PBXBuildFile; fileRef = 7619A3451974E993006429AF /* UIKit.framework */; };
		7619A34C1974E993006429AF /* InfoPlist.strings in Resources */ = {isa = PBXBuildFile; fileRef = 7619A34A1974E993006429AF /* InfoPlist.strings */; };
		7619A34E1974E993006429AF /* main.m in Sources */ = {isa = PBXBuildFile; fileRef = 7619A34D1974E993006429AF /* main.m */; };
		7619A3521974E993006429AF /* xlAppDelegate.m in Sources */ = {isa = PBXBuildFile; fileRef = 7619A3511974E993006429AF /* xlAppDelegate.m */; };
		7619A3551974E993006429AF /* Main.storyboard in Resources */ = {isa = PBXBuildFile; fileRef = 7619A3531974E993006429AF /* Main.storyboard */; };
		7619A35D1974E993006429AF /* Images.xcassets in Resources */ = {isa = PBXBuildFile; fileRef = 7619A35C1974E993006429AF /* Images.xcassets */; };
		7619A3641974E994006429AF /* XCTest.framework in Frameworks */ = {isa = PBXBuildFile; fileRef = 7619A3631974E994006429AF /* XCTest.framework */; };
		7619A3651974E994006429AF /* Foundation.framework in Frameworks */ = {isa = PBXBuildFile; fileRef = 7619A3411974E993006429AF /* Foundation.framework */; };
		7619A3661974E994006429AF /* UIKit.framework in Frameworks */ = {isa = PBXBuildFile; fileRef = 7619A3451974E993006429AF /* UIKit.framework */; };
		7619A36E1974E994006429AF /* InfoPlist.strings in Resources */ = {isa = PBXBuildFile; fileRef = 7619A36C1974E994006429AF /* InfoPlist.strings */; };
		7619A3701974E994006429AF /* pashmak_guiTests.m in Sources */ = {isa = PBXBuildFile; fileRef = 7619A36F1974E994006429AF /* pashmak_guiTests.m */; };
		7619A3C51974F02C006429AF /* xlMain.mm in Sources */ = {isa = PBXBuildFile; fileRef = 7619A3C41974F02C006429AF /* xlMain.mm */; };
		7619A3C71974F84F006429AF /* Lenna.png in Resources */ = {isa = PBXBuildFile; fileRef = 7619A3C61974F84F006429AF /* Lenna.png */; };
		7619A3C91974FDD4006429AF /* Lenna.jpg in Resources */ = {isa = PBXBuildFile; fileRef = 7619A3C81974FDD4006429AF /* Lenna.jpg */; };
		763F4358199A012C00485319 /* a.m4v in Resources */ = {isa = PBXBuildFile; fileRef = 763F4309199A012C00485319 /* a.m4v */; };
		763F4359199A012C00485319 /* filmscratches.m4v in Resources */ = {isa = PBXBuildFile; fileRef = 763F430A199A012C00485319 /* filmscratches.m4v */; };
		763F435A199A012C00485319 /* images in Resources */ = {isa = PBXBuildFile; fileRef = 763F430B199A012C00485319 /* images */; };
		763F435B199A012C00485319 /* output.wmv in Resources */ = {isa = PBXBuildFile; fileRef = 763F430C199A012C00485319 /* output.wmv */; };
		763F435C199A012C00485319 /* AggregatedFilter.cpp in Sources */ = {isa = PBXBuildFile; fileRef = 763F430E199A012C00485319 /* AggregatedFilter.cpp */; };
		763F435D199A012C00485319 /* BilateralBlurFilter.cpp in Sources */ = {isa = PBXBuildFile; fileRef = 763F4310199A012C00485319 /* BilateralBlurFilter.cpp */; };
		763F435E199A012C00485319 /* CartoonTheme.cpp in Sources */ = {isa = PBXBuildFile; fileRef = 763F4312199A012C00485319 /* CartoonTheme.cpp */; };
		763F435F199A012C00485319 /* ColorReductionFilter.cpp in Sources */ = {isa = PBXBuildFile; fileRef = 763F4314199A012C00485319 /* ColorReductionFilter.cpp */; };
		763F4360199A012C00485319 /* Configuration.cpp in Sources */ = {isa = PBXBuildFile; fileRef = 763F4316199A012C00485319 /* Configuration.cpp */; };
		763F4361199A012C00485319 /* Engine.cpp in Sources */ = {isa = PBXBuildFile; fileRef = 763F4319199A012C00485319 /* Engine.cpp */; };
		763F4362199A012C00485319 /* FadingTransition.cpp in Sources */ = {isa = PBXBuildFile; fileRef = 763F431B199A012C00485319 /* FadingTransition.cpp */; };
		763F4363199A012C00485319 /* FileManager.cpp in Sources */ = {isa = PBXBuildFile; fileRef = 763F431D199A012C00485319 /* FileManager.cpp */; };
		763F4364199A012C00485319 /* Filter.cpp in Sources */ = {isa = PBXBuildFile; fileRef = 763F431F199A012C00485319 /* Filter.cpp */; };
		763F4365199A012C00485319 /* GaussianNoiseFilter.cpp in Sources */ = {isa = PBXBuildFile; fileRef = 763F4321199A012C00485319 /* GaussianNoiseFilter.cpp */; };
		763F4366199A012C00485319 /* GaussianWindowFilter.cpp in Sources */ = {isa = PBXBuildFile; fileRef = 763F4323199A012C00485319 /* GaussianWindowFilter.cpp */; };
		763F4367199A012C00485319 /* GrayscaleFilter.cpp in Sources */ = {isa = PBXBuildFile; fileRef = 763F4325199A012C00485319 /* GrayscaleFilter.cpp */; };
		763F4368199A012C00485319 /* HardTransition.cpp in Sources */ = {isa = PBXBuildFile; fileRef = 763F4327199A012C00485319 /* HardTransition.cpp */; };
		763F436A199A012C00485319 /* Media.cpp in Sources */ = {isa = PBXBuildFile; fileRef = 763F432A199A012C00485319 /* Media.cpp */; };
		763F436B199A012C00485319 /* MediaManager.cpp in Sources */ = {isa = PBXBuildFile; fileRef = 763F432C199A012C00485319 /* MediaManager.cpp */; };
		763F436C199A012C00485319 /* MultiplyFilter.cpp in Sources */ = {isa = PBXBuildFile; fileRef = 763F432E199A012C00485319 /* MultiplyFilter.cpp */; };
		763F436D199A012C00485319 /* NoOpFilter.cpp in Sources */ = {isa = PBXBuildFile; fileRef = 763F4330199A012C00485319 /* NoOpFilter.cpp */; };
		763F436E199A012C00485319 /* OldieFilter.cpp in Sources */ = {isa = PBXBuildFile; fileRef = 763F4332199A012C00485319 /* OldieFilter.cpp */; };
		763F436F199A012C00485319 /* OldieTheme.cpp in Sources */ = {isa = PBXBuildFile; fileRef = 763F4334199A012C00485319 /* OldieTheme.cpp */; };
		763F4370199A012C00485319 /* Pashmak.vcxproj in Resources */ = {isa = PBXBuildFile; fileRef = 763F4336199A012C00485319 /* Pashmak.vcxproj */; };
		763F4371199A012C00485319 /* Pashmak.vcxproj.filters in Resources */ = {isa = PBXBuildFile; fileRef = 763F4337199A012C00485319 /* Pashmak.vcxproj.filters */; };
		763F4372199A012C00485319 /* Picture.cpp in Sources */ = {isa = PBXBuildFile; fileRef = 763F4338199A012C00485319 /* Picture.cpp */; };
		763F4373199A012C00485319 /* PosterizationFilter.cpp in Sources */ = {isa = PBXBuildFile; fileRef = 763F433A199A012C00485319 /* PosterizationFilter.cpp */; };
		763F4374199A012C00485319 /* SepiaFilter.cpp in Sources */ = {isa = PBXBuildFile; fileRef = 763F433C199A012C00485319 /* SepiaFilter.cpp */; };
		763F4375199A012C00485319 /* SobelEdgeFilter.cpp in Sources */ = {isa = PBXBuildFile; fileRef = 763F433E199A012C00485319 /* SobelEdgeFilter.cpp */; };
		763F4376199A012C00485319 /* StillPictureVideo.cpp in Sources */ = {isa = PBXBuildFile; fileRef = 763F4340199A012C00485319 /* StillPictureVideo.cpp */; };
		763F4377199A012C00485319 /* Theme.cpp in Sources */ = {isa = PBXBuildFile; fileRef = 763F4342199A012C00485319 /* Theme.cpp */; };
		763F4378199A012C00485319 /* ThemeFactory.cpp in Sources */ = {isa = PBXBuildFile; fileRef = 763F4344199A012C00485319 /* ThemeFactory.cpp */; };
		763F4379199A012C00485319 /* ThemeManager.cpp in Sources */ = {isa = PBXBuildFile; fileRef = 763F4346199A012C00485319 /* ThemeManager.cpp */; };
		763F437A199A012C00485319 /* Transition.cpp in Sources */ = {isa = PBXBuildFile; fileRef = 763F4348199A012C00485319 /* Transition.cpp */; };
		763F437B199A012C00485319 /* Utils.cpp in Sources */ = {isa = PBXBuildFile; fileRef = 763F434A199A012C00485319 /* Utils.cpp */; };
		763F437C199A012C00485319 /* Video.cpp in Sources */ = {isa = PBXBuildFile; fileRef = 763F434C199A012C00485319 /* Video.cpp */; };
		763F437D199A012C00485319 /* VideoCut.cpp in Sources */ = {isa = PBXBuildFile; fileRef = 763F434E199A012C00485319 /* VideoCut.cpp */; };
		763F437E199A012C00485319 /* VideoFile.cpp in Sources */ = {isa = PBXBuildFile; fileRef = 763F4350199A012C00485319 /* VideoFile.cpp */; };
		763F437F199A012C00485319 /* VideoFilter.cpp in Sources */ = {isa = PBXBuildFile; fileRef = 763F4352199A012C00485319 /* VideoFilter.cpp */; };
		763F4380199A012C00485319 /* VideoWriter.cpp in Sources */ = {isa = PBXBuildFile; fileRef = 763F4354199A012C00485319 /* VideoWriter.cpp */; };
		763F4381199A012C00485319 /* Pashmak.sln in Resources */ = {isa = PBXBuildFile; fileRef = 763F4356199A012C00485319 /* Pashmak.sln */; };
		763F4382199A012C00485319 /* README.md in Resources */ = {isa = PBXBuildFile; fileRef = 763F4357199A012C00485319 /* README.md */; };
		76AE92BA19820DC800341655 /* filmscratches.m4v in Resources */ = {isa = PBXBuildFile; fileRef = 76AE926D19820DC800341655 /* filmscratches.m4v */; };
		76E0DE191999D69A00640150 /* a.m4v in Resources */ = {isa = PBXBuildFile; fileRef = 76E0DE181999D69A00640150 /* a.m4v */; };
		76E0DE1C1999EFA600640150 /* b.m4v in Resources */ = {isa = PBXBuildFile; fileRef = 76E0DE1B1999EFA600640150 /* b.m4v */; };
		E475838FFC434E7FB33C800B /* libPods-pashmak-gui.a in Frameworks */ = {isa = PBXBuildFile; fileRef = A5EFD27D7DE44B95A6D6EA60 /* libPods-pashmak-gui.a */; };
/* End PBXBuildFile section */

/* Begin PBXContainerItemProxy section */
		7619A3671974E994006429AF /* PBXContainerItemProxy */ = {
			isa = PBXContainerItemProxy;
			containerPortal = 7619A3361974E992006429AF /* Project object */;
			proxyType = 1;
			remoteGlobalIDString = 7619A33D1974E993006429AF;
			remoteInfo = "pashmak-gui";
		};
/* End PBXContainerItemProxy section */

/* Begin PBXFileReference section */
		01F2969638FF4833AA75699C /* Pods-pashmak-gui.xcconfig */ = {isa = PBXFileReference; includeInIndex = 1; lastKnownFileType = text.xcconfig; name = "Pods-pashmak-gui.xcconfig"; path = "Pods/Pods-pashmak-gui.xcconfig"; sourceTree = "<group>"; };
		7619A33E1974E993006429AF /* pashmak-gui.app */ = {isa = PBXFileReference; explicitFileType = wrapper.application; includeInIndex = 0; path = "pashmak-gui.app"; sourceTree = BUILT_PRODUCTS_DIR; };
		7619A3411974E993006429AF /* Foundation.framework */ = {isa = PBXFileReference; lastKnownFileType = wrapper.framework; name = Foundation.framework; path = System/Library/Frameworks/Foundation.framework; sourceTree = SDKROOT; };
		7619A3431974E993006429AF /* CoreGraphics.framework */ = {isa = PBXFileReference; lastKnownFileType = wrapper.framework; name = CoreGraphics.framework; path = System/Library/Frameworks/CoreGraphics.framework; sourceTree = SDKROOT; };
		7619A3451974E993006429AF /* UIKit.framework */ = {isa = PBXFileReference; lastKnownFileType = wrapper.framework; name = UIKit.framework; path = System/Library/Frameworks/UIKit.framework; sourceTree = SDKROOT; };
		7619A3491974E993006429AF /* pashmak-gui-Info.plist */ = {isa = PBXFileReference; lastKnownFileType = text.plist.xml; path = "pashmak-gui-Info.plist"; sourceTree = "<group>"; };
		7619A34B1974E993006429AF /* en */ = {isa = PBXFileReference; lastKnownFileType = text.plist.strings; name = en; path = en.lproj/InfoPlist.strings; sourceTree = "<group>"; };
		7619A34D1974E993006429AF /* main.m */ = {isa = PBXFileReference; lastKnownFileType = sourcecode.c.objc; path = main.m; sourceTree = "<group>"; };
		7619A34F1974E993006429AF /* pashmak-gui-Prefix.pch */ = {isa = PBXFileReference; lastKnownFileType = sourcecode.c.h; path = "pashmak-gui-Prefix.pch"; sourceTree = "<group>"; };
		7619A3501974E993006429AF /* xlAppDelegate.h */ = {isa = PBXFileReference; lastKnownFileType = sourcecode.c.h; path = xlAppDelegate.h; sourceTree = "<group>"; };
		7619A3511974E993006429AF /* xlAppDelegate.m */ = {isa = PBXFileReference; lastKnownFileType = sourcecode.c.objc; path = xlAppDelegate.m; sourceTree = "<group>"; };
		7619A3541974E993006429AF /* Base */ = {isa = PBXFileReference; lastKnownFileType = file.storyboard; name = Base; path = Base.lproj/Main.storyboard; sourceTree = "<group>"; };
		7619A35C1974E993006429AF /* Images.xcassets */ = {isa = PBXFileReference; lastKnownFileType = folder.assetcatalog; path = Images.xcassets; sourceTree = "<group>"; };
		7619A3621974E994006429AF /* pashmak-guiTests.xctest */ = {isa = PBXFileReference; explicitFileType = wrapper.cfbundle; includeInIndex = 0; path = "pashmak-guiTests.xctest"; sourceTree = BUILT_PRODUCTS_DIR; };
		7619A3631974E994006429AF /* XCTest.framework */ = {isa = PBXFileReference; lastKnownFileType = wrapper.framework; name = XCTest.framework; path = Library/Frameworks/XCTest.framework; sourceTree = DEVELOPER_DIR; };
		7619A36B1974E994006429AF /* pashmak-guiTests-Info.plist */ = {isa = PBXFileReference; lastKnownFileType = text.plist.xml; path = "pashmak-guiTests-Info.plist"; sourceTree = "<group>"; };
		7619A36D1974E994006429AF /* en */ = {isa = PBXFileReference; lastKnownFileType = text.plist.strings; name = en; path = en.lproj/InfoPlist.strings; sourceTree = "<group>"; };
		7619A36F1974E994006429AF /* pashmak_guiTests.m */ = {isa = PBXFileReference; lastKnownFileType = sourcecode.c.objc; path = pashmak_guiTests.m; sourceTree = "<group>"; };
		7619A3791974EAC7006429AF /* libPods-pashmak-gui-OpenCV.a */ = {isa = PBXFileReference; lastKnownFileType = archive.ar; name = "libPods-pashmak-gui-OpenCV.a"; path = "Pods/build/Debug-iphoneos/libPods-pashmak-gui-OpenCV.a"; sourceTree = "<group>"; };
		7619A3C31974F02C006429AF /* xlMain.h */ = {isa = PBXFileReference; fileEncoding = 4; lastKnownFileType = sourcecode.c.h; path = xlMain.h; sourceTree = "<group>"; };
		7619A3C41974F02C006429AF /* xlMain.mm */ = {isa = PBXFileReference; fileEncoding = 4; lastKnownFileType = sourcecode.cpp.objcpp; path = xlMain.mm; sourceTree = "<group>"; };
		7619A3C61974F84F006429AF /* Lenna.png */ = {isa = PBXFileReference; lastKnownFileType = image.png; path = Lenna.png; sourceTree = "<group>"; };
		7619A3C81974FDD4006429AF /* Lenna.jpg */ = {isa = PBXFileReference; lastKnownFileType = image.jpeg; path = Lenna.jpg; sourceTree = "<group>"; };
		763F4309199A012C00485319 /* a.m4v */ = {isa = PBXFileReference; lastKnownFileType = file; path = a.m4v; sourceTree = "<group>"; };
		763F430A199A012C00485319 /* filmscratches.m4v */ = {isa = PBXFileReference; lastKnownFileType = file; path = filmscratches.m4v; sourceTree = "<group>"; };
		763F430B199A012C00485319 /* images */ = {isa = PBXFileReference; fileEncoding = 4; lastKnownFileType = text; path = images; sourceTree = "<group>"; };
		763F430C199A012C00485319 /* output.wmv */ = {isa = PBXFileReference; lastKnownFileType = file; path = output.wmv; sourceTree = "<group>"; };
		763F430E199A012C00485319 /* AggregatedFilter.cpp */ = {isa = PBXFileReference; fileEncoding = 4; lastKnownFileType = sourcecode.cpp.cpp; path = AggregatedFilter.cpp; sourceTree = "<group>"; };
		763F430F199A012C00485319 /* AggregatedFilter.h */ = {isa = PBXFileReference; fileEncoding = 4; lastKnownFileType = sourcecode.c.h; path = AggregatedFilter.h; sourceTree = "<group>"; };
		763F4310199A012C00485319 /* BilateralBlurFilter.cpp */ = {isa = PBXFileReference; fileEncoding = 4; lastKnownFileType = sourcecode.cpp.cpp; path = BilateralBlurFilter.cpp; sourceTree = "<group>"; };
		763F4311199A012C00485319 /* BilateralBlurFilter.h */ = {isa = PBXFileReference; fileEncoding = 4; lastKnownFileType = sourcecode.c.h; path = BilateralBlurFilter.h; sourceTree = "<group>"; };
		763F4312199A012C00485319 /* CartoonTheme.cpp */ = {isa = PBXFileReference; fileEncoding = 4; lastKnownFileType = sourcecode.cpp.cpp; path = CartoonTheme.cpp; sourceTree = "<group>"; };
		763F4313199A012C00485319 /* CartoonTheme.h */ = {isa = PBXFileReference; fileEncoding = 4; lastKnownFileType = sourcecode.c.h; path = CartoonTheme.h; sourceTree = "<group>"; };
		763F4314199A012C00485319 /* ColorReductionFilter.cpp */ = {isa = PBXFileReference; fileEncoding = 4; lastKnownFileType = sourcecode.cpp.cpp; path = ColorReductionFilter.cpp; sourceTree = "<group>"; };
		763F4315199A012C00485319 /* ColorReductionFilter.h */ = {isa = PBXFileReference; fileEncoding = 4; lastKnownFileType = sourcecode.c.h; path = ColorReductionFilter.h; sourceTree = "<group>"; };
		763F4316199A012C00485319 /* Configuration.cpp */ = {isa = PBXFileReference; fileEncoding = 4; lastKnownFileType = sourcecode.cpp.cpp; path = Configuration.cpp; sourceTree = "<group>"; };
		763F4317199A012C00485319 /* Configuration.h */ = {isa = PBXFileReference; fileEncoding = 4; lastKnownFileType = sourcecode.c.h; path = Configuration.h; sourceTree = "<group>"; };
		763F4318199A012C00485319 /* Constants.h */ = {isa = PBXFileReference; fileEncoding = 4; lastKnownFileType = sourcecode.c.h; path = Constants.h; sourceTree = "<group>"; };
		763F4319199A012C00485319 /* Engine.cpp */ = {isa = PBXFileReference; fileEncoding = 4; lastKnownFileType = sourcecode.cpp.cpp; path = Engine.cpp; sourceTree = "<group>"; };
		763F431A199A012C00485319 /* Engine.h */ = {isa = PBXFileReference; fileEncoding = 4; lastKnownFileType = sourcecode.c.h; path = Engine.h; sourceTree = "<group>"; };
		763F431B199A012C00485319 /* FadingTransition.cpp */ = {isa = PBXFileReference; fileEncoding = 4; lastKnownFileType = sourcecode.cpp.cpp; path = FadingTransition.cpp; sourceTree = "<group>"; };
		763F431C199A012C00485319 /* FadingTransition.h */ = {isa = PBXFileReference; fileEncoding = 4; lastKnownFileType = sourcecode.c.h; path = FadingTransition.h; sourceTree = "<group>"; };
		763F431D199A012C00485319 /* FileManager.cpp */ = {isa = PBXFileReference; fileEncoding = 4; lastKnownFileType = sourcecode.cpp.cpp; path = FileManager.cpp; sourceTree = "<group>"; };
		763F431E199A012C00485319 /* FileManager.h */ = {isa = PBXFileReference; fileEncoding = 4; lastKnownFileType = sourcecode.c.h; path = FileManager.h; sourceTree = "<group>"; };
		763F431F199A012C00485319 /* Filter.cpp */ = {isa = PBXFileReference; fileEncoding = 4; lastKnownFileType = sourcecode.cpp.cpp; path = Filter.cpp; sourceTree = "<group>"; };
		763F4320199A012C00485319 /* Filter.h */ = {isa = PBXFileReference; fileEncoding = 4; lastKnownFileType = sourcecode.c.h; path = Filter.h; sourceTree = "<group>"; };
		763F4321199A012C00485319 /* GaussianNoiseFilter.cpp */ = {isa = PBXFileReference; fileEncoding = 4; lastKnownFileType = sourcecode.cpp.cpp; path = GaussianNoiseFilter.cpp; sourceTree = "<group>"; };
		763F4322199A012C00485319 /* GaussianNoiseFilter.h */ = {isa = PBXFileReference; fileEncoding = 4; lastKnownFileType = sourcecode.c.h; path = GaussianNoiseFilter.h; sourceTree = "<group>"; };
		763F4323199A012C00485319 /* GaussianWindowFilter.cpp */ = {isa = PBXFileReference; fileEncoding = 4; lastKnownFileType = sourcecode.cpp.cpp; path = GaussianWindowFilter.cpp; sourceTree = "<group>"; };
		763F4324199A012C00485319 /* GaussianWindowFilter.h */ = {isa = PBXFileReference; fileEncoding = 4; lastKnownFileType = sourcecode.c.h; path = GaussianWindowFilter.h; sourceTree = "<group>"; };
		763F4325199A012C00485319 /* GrayscaleFilter.cpp */ = {isa = PBXFileReference; fileEncoding = 4; lastKnownFileType = sourcecode.cpp.cpp; path = GrayscaleFilter.cpp; sourceTree = "<group>"; };
		763F4326199A012C00485319 /* GrayscaleFilter.h */ = {isa = PBXFileReference; fileEncoding = 4; lastKnownFileType = sourcecode.c.h; path = GrayscaleFilter.h; sourceTree = "<group>"; };
		763F4327199A012C00485319 /* HardTransition.cpp */ = {isa = PBXFileReference; fileEncoding = 4; lastKnownFileType = sourcecode.cpp.cpp; path = HardTransition.cpp; sourceTree = "<group>"; };
		763F4328199A012C00485319 /* HardTransition.h */ = {isa = PBXFileReference; fileEncoding = 4; lastKnownFileType = sourcecode.c.h; path = HardTransition.h; sourceTree = "<group>"; };
		763F4329199A012C00485319 /* main.cpp */ = {isa = PBXFileReference; fileEncoding = 4; lastKnownFileType = sourcecode.cpp.cpp; path = main.cpp; sourceTree = "<group>"; };
		763F432A199A012C00485319 /* Media.cpp */ = {isa = PBXFileReference; fileEncoding = 4; lastKnownFileType = sourcecode.cpp.cpp; path = Media.cpp; sourceTree = "<group>"; };
		763F432B199A012C00485319 /* Media.h */ = {isa = PBXFileReference; fileEncoding = 4; lastKnownFileType = sourcecode.c.h; path = Media.h; sourceTree = "<group>"; };
		763F432C199A012C00485319 /* MediaManager.cpp */ = {isa = PBXFileReference; fileEncoding = 4; lastKnownFileType = sourcecode.cpp.cpp; path = MediaManager.cpp; sourceTree = "<group>"; };
		763F432D199A012C00485319 /* MediaManager.h */ = {isa = PBXFileReference; fileEncoding = 4; lastKnownFileType = sourcecode.c.h; path = MediaManager.h; sourceTree = "<group>"; };
		763F432E199A012C00485319 /* MultiplyFilter.cpp */ = {isa = PBXFileReference; fileEncoding = 4; lastKnownFileType = sourcecode.cpp.cpp; path = MultiplyFilter.cpp; sourceTree = "<group>"; };
		763F432F199A012C00485319 /* MultiplyFilter.h */ = {isa = PBXFileReference; fileEncoding = 4; lastKnownFileType = sourcecode.c.h; path = MultiplyFilter.h; sourceTree = "<group>"; };
		763F4330199A012C00485319 /* NoOpFilter.cpp */ = {isa = PBXFileReference; fileEncoding = 4; lastKnownFileType = sourcecode.cpp.cpp; path = NoOpFilter.cpp; sourceTree = "<group>"; };
		763F4331199A012C00485319 /* NoOpFilter.h */ = {isa = PBXFileReference; fileEncoding = 4; lastKnownFileType = sourcecode.c.h; path = NoOpFilter.h; sourceTree = "<group>"; };
		763F4332199A012C00485319 /* OldieFilter.cpp */ = {isa = PBXFileReference; fileEncoding = 4; lastKnownFileType = sourcecode.cpp.cpp; path = OldieFilter.cpp; sourceTree = "<group>"; };
		763F4333199A012C00485319 /* OldieFilter.h */ = {isa = PBXFileReference; fileEncoding = 4; lastKnownFileType = sourcecode.c.h; path = OldieFilter.h; sourceTree = "<group>"; };
		763F4334199A012C00485319 /* OldieTheme.cpp */ = {isa = PBXFileReference; fileEncoding = 4; lastKnownFileType = sourcecode.cpp.cpp; path = OldieTheme.cpp; sourceTree = "<group>"; };
		763F4335199A012C00485319 /* OldieTheme.h */ = {isa = PBXFileReference; fileEncoding = 4; lastKnownFileType = sourcecode.c.h; path = OldieTheme.h; sourceTree = "<group>"; };
		763F4336199A012C00485319 /* Pashmak.vcxproj */ = {isa = PBXFileReference; fileEncoding = 4; lastKnownFileType = text.xml; path = Pashmak.vcxproj; sourceTree = "<group>"; };
		763F4337199A012C00485319 /* Pashmak.vcxproj.filters */ = {isa = PBXFileReference; fileEncoding = 4; lastKnownFileType = text.xml; path = Pashmak.vcxproj.filters; sourceTree = "<group>"; };
		763F4338199A012C00485319 /* Picture.cpp */ = {isa = PBXFileReference; fileEncoding = 4; lastKnownFileType = sourcecode.cpp.cpp; path = Picture.cpp; sourceTree = "<group>"; };
		763F4339199A012C00485319 /* Picture.h */ = {isa = PBXFileReference; fileEncoding = 4; lastKnownFileType = sourcecode.c.h; path = Picture.h; sourceTree = "<group>"; };
		763F433A199A012C00485319 /* PosterizationFilter.cpp */ = {isa = PBXFileReference; fileEncoding = 4; lastKnownFileType = sourcecode.cpp.cpp; path = PosterizationFilter.cpp; sourceTree = "<group>"; };
		763F433B199A012C00485319 /* PosterizationFilter.h */ = {isa = PBXFileReference; fileEncoding = 4; lastKnownFileType = sourcecode.c.h; path = PosterizationFilter.h; sourceTree = "<group>"; };
		763F433C199A012C00485319 /* SepiaFilter.cpp */ = {isa = PBXFileReference; fileEncoding = 4; lastKnownFileType = sourcecode.cpp.cpp; path = SepiaFilter.cpp; sourceTree = "<group>"; };
		763F433D199A012C00485319 /* SepiaFilter.h */ = {isa = PBXFileReference; fileEncoding = 4; lastKnownFileType = sourcecode.c.h; path = SepiaFilter.h; sourceTree = "<group>"; };
		763F433E199A012C00485319 /* SobelEdgeFilter.cpp */ = {isa = PBXFileReference; fileEncoding = 4; lastKnownFileType = sourcecode.cpp.cpp; path = SobelEdgeFilter.cpp; sourceTree = "<group>"; };
		763F433F199A012C00485319 /* SobelEdgeFilter.h */ = {isa = PBXFileReference; fileEncoding = 4; lastKnownFileType = sourcecode.c.h; path = SobelEdgeFilter.h; sourceTree = "<group>"; };
		763F4340199A012C00485319 /* StillPictureVideo.cpp */ = {isa = PBXFileReference; fileEncoding = 4; lastKnownFileType = sourcecode.cpp.cpp; path = StillPictureVideo.cpp; sourceTree = "<group>"; };
		763F4341199A012C00485319 /* StillPictureVideo.h */ = {isa = PBXFileReference; fileEncoding = 4; lastKnownFileType = sourcecode.c.h; path = StillPictureVideo.h; sourceTree = "<group>"; };
		763F4342199A012C00485319 /* Theme.cpp */ = {isa = PBXFileReference; fileEncoding = 4; lastKnownFileType = sourcecode.cpp.cpp; path = Theme.cpp; sourceTree = "<group>"; };
		763F4343199A012C00485319 /* Theme.h */ = {isa = PBXFileReference; fileEncoding = 4; lastKnownFileType = sourcecode.c.h; path = Theme.h; sourceTree = "<group>"; };
		763F4344199A012C00485319 /* ThemeFactory.cpp */ = {isa = PBXFileReference; fileEncoding = 4; lastKnownFileType = sourcecode.cpp.cpp; path = ThemeFactory.cpp; sourceTree = "<group>"; };
		763F4345199A012C00485319 /* ThemeFactory.h */ = {isa = PBXFileReference; fileEncoding = 4; lastKnownFileType = sourcecode.c.h; path = ThemeFactory.h; sourceTree = "<group>"; };
		763F4346199A012C00485319 /* ThemeManager.cpp */ = {isa = PBXFileReference; fileEncoding = 4; lastKnownFileType = sourcecode.cpp.cpp; path = ThemeManager.cpp; sourceTree = "<group>"; };
		763F4347199A012C00485319 /* ThemeManager.h */ = {isa = PBXFileReference; fileEncoding = 4; lastKnownFileType = sourcecode.c.h; path = ThemeManager.h; sourceTree = "<group>"; };
		763F4348199A012C00485319 /* Transition.cpp */ = {isa = PBXFileReference; fileEncoding = 4; lastKnownFileType = sourcecode.cpp.cpp; path = Transition.cpp; sourceTree = "<group>"; };
		763F4349199A012C00485319 /* Transition.h */ = {isa = PBXFileReference; fileEncoding = 4; lastKnownFileType = sourcecode.c.h; path = Transition.h; sourceTree = "<group>"; };
		763F434A199A012C00485319 /* Utils.cpp */ = {isa = PBXFileReference; fileEncoding = 4; lastKnownFileType = sourcecode.cpp.cpp; path = Utils.cpp; sourceTree = "<group>"; };
		763F434B199A012C00485319 /* Utils.h */ = {isa = PBXFileReference; fileEncoding = 4; lastKnownFileType = sourcecode.c.h; path = Utils.h; sourceTree = "<group>"; };
		763F434C199A012C00485319 /* Video.cpp */ = {isa = PBXFileReference; fileEncoding = 4; lastKnownFileType = sourcecode.cpp.cpp; path = Video.cpp; sourceTree = "<group>"; };
		763F434D199A012C00485319 /* Video.h */ = {isa = PBXFileReference; fileEncoding = 4; lastKnownFileType = sourcecode.c.h; path = Video.h; sourceTree = "<group>"; };
		763F434E199A012C00485319 /* VideoCut.cpp */ = {isa = PBXFileReference; fileEncoding = 4; lastKnownFileType = sourcecode.cpp.cpp; path = VideoCut.cpp; sourceTree = "<group>"; };
		763F434F199A012C00485319 /* VideoCut.h */ = {isa = PBXFileReference; fileEncoding = 4; lastKnownFileType = sourcecode.c.h; path = VideoCut.h; sourceTree = "<group>"; };
		763F4350199A012C00485319 /* VideoFile.cpp */ = {isa = PBXFileReference; fileEncoding = 4; lastKnownFileType = sourcecode.cpp.cpp; path = VideoFile.cpp; sourceTree = "<group>"; };
		763F4351199A012C00485319 /* VideoFile.h */ = {isa = PBXFileReference; fileEncoding = 4; lastKnownFileType = sourcecode.c.h; path = VideoFile.h; sourceTree = "<group>"; };
		763F4352199A012C00485319 /* VideoFilter.cpp */ = {isa = PBXFileReference; fileEncoding = 4; lastKnownFileType = sourcecode.cpp.cpp; path = VideoFilter.cpp; sourceTree = "<group>"; };
		763F4353199A012C00485319 /* VideoFilter.h */ = {isa = PBXFileReference; fileEncoding = 4; lastKnownFileType = sourcecode.c.h; path = VideoFilter.h; sourceTree = "<group>"; };
		763F4354199A012C00485319 /* VideoWriter.cpp */ = {isa = PBXFileReference; fileEncoding = 4; lastKnownFileType = sourcecode.cpp.cpp; path = VideoWriter.cpp; sourceTree = "<group>"; };
		763F4355199A012C00485319 /* VideoWriter.h */ = {isa = PBXFileReference; fileEncoding = 4; lastKnownFileType = sourcecode.c.h; path = VideoWriter.h; sourceTree = "<group>"; };
		763F4356199A012C00485319 /* Pashmak.sln */ = {isa = PBXFileReference; fileEncoding = 4; lastKnownFileType = text; path = Pashmak.sln; sourceTree = "<group>"; };
		763F4357199A012C00485319 /* README.md */ = {isa = PBXFileReference; fileEncoding = 4; lastKnownFileType = text; path = README.md; sourceTree = "<group>"; };
		76AE926D19820DC800341655 /* filmscratches.m4v */ = {isa = PBXFileReference; lastKnownFileType = file; name = filmscratches.m4v; path = ../core/Assets/filmscratches.m4v; sourceTree = "<group>"; };
		76E0DE181999D69A00640150 /* a.m4v */ = {isa = PBXFileReference; lastKnownFileType = file; path = a.m4v; sourceTree = "<group>"; };
		76E0DE1B1999EFA600640150 /* b.m4v */ = {isa = PBXFileReference; lastKnownFileType = file; path = b.m4v; sourceTree = "<group>"; };
		A5EFD27D7DE44B95A6D6EA60 /* libPods-pashmak-gui.a */ = {isa = PBXFileReference; explicitFileType = archive.ar; includeInIndex = 0; path = "libPods-pashmak-gui.a"; sourceTree = BUILT_PRODUCTS_DIR; };
/* End PBXFileReference section */

/* Begin PBXFrameworksBuildPhase section */
		7619A33B1974E993006429AF /* Frameworks */ = {
			isa = PBXFrameworksBuildPhase;
			buildActionMask = 2147483647;
			files = (
				7619A3441974E993006429AF /* CoreGraphics.framework in Frameworks */,
				7619A3461974E993006429AF /* UIKit.framework in Frameworks */,
				7619A3421974E993006429AF /* Foundation.framework in Frameworks */,
				E475838FFC434E7FB33C800B /* libPods-pashmak-gui.a in Frameworks */,
			);
			runOnlyForDeploymentPostprocessing = 0;
		};
		7619A35F1974E994006429AF /* Frameworks */ = {
			isa = PBXFrameworksBuildPhase;
			buildActionMask = 2147483647;
			files = (
				7619A3641974E994006429AF /* XCTest.framework in Frameworks */,
				7619A3661974E994006429AF /* UIKit.framework in Frameworks */,
				7619A3651974E994006429AF /* Foundation.framework in Frameworks */,
			);
			runOnlyForDeploymentPostprocessing = 0;
		};
/* End PBXFrameworksBuildPhase section */

/* Begin PBXGroup section */
		7619A3351974E992006429AF = {
			isa = PBXGroup;
			children = (
				763F4307199A012C00485319 /* core */,
				76E0DE1B1999EFA600640150 /* b.m4v */,
				76E0DE181999D69A00640150 /* a.m4v */,
				76AE926D19820DC800341655 /* filmscratches.m4v */,
				7619A3C81974FDD4006429AF /* Lenna.jpg */,
				7619A3C61974F84F006429AF /* Lenna.png */,
				7619A3471974E993006429AF /* pashmak-gui */,
				7619A3691974E994006429AF /* pashmak-guiTests */,
				7619A3401974E993006429AF /* Frameworks */,
				7619A33F1974E993006429AF /* Products */,
				01F2969638FF4833AA75699C /* Pods-pashmak-gui.xcconfig */,
			);
			sourceTree = "<group>";
		};
		7619A33F1974E993006429AF /* Products */ = {
			isa = PBXGroup;
			children = (
				7619A33E1974E993006429AF /* pashmak-gui.app */,
				7619A3621974E994006429AF /* pashmak-guiTests.xctest */,
			);
			name = Products;
			sourceTree = "<group>";
		};
		7619A3401974E993006429AF /* Frameworks */ = {
			isa = PBXGroup;
			children = (
				7619A3791974EAC7006429AF /* libPods-pashmak-gui-OpenCV.a */,
				7619A3411974E993006429AF /* Foundation.framework */,
				7619A3431974E993006429AF /* CoreGraphics.framework */,
				7619A3451974E993006429AF /* UIKit.framework */,
				7619A3631974E994006429AF /* XCTest.framework */,
				A5EFD27D7DE44B95A6D6EA60 /* libPods-pashmak-gui.a */,
			);
			name = Frameworks;
			sourceTree = "<group>";
		};
		7619A3471974E993006429AF /* pashmak-gui */ = {
			isa = PBXGroup;
			children = (
				7619A3501974E993006429AF /* xlAppDelegate.h */,
				7619A3511974E993006429AF /* xlAppDelegate.m */,
				7619A3531974E993006429AF /* Main.storyboard */,
				7619A35C1974E993006429AF /* Images.xcassets */,
				7619A3481974E993006429AF /* Supporting Files */,
				7619A3C31974F02C006429AF /* xlMain.h */,
				7619A3C41974F02C006429AF /* xlMain.mm */,
			);
			path = "pashmak-gui";
			sourceTree = "<group>";
		};
		7619A3481974E993006429AF /* Supporting Files */ = {
			isa = PBXGroup;
			children = (
				7619A3491974E993006429AF /* pashmak-gui-Info.plist */,
				7619A34A1974E993006429AF /* InfoPlist.strings */,
				7619A34D1974E993006429AF /* main.m */,
				7619A34F1974E993006429AF /* pashmak-gui-Prefix.pch */,
			);
			name = "Supporting Files";
			sourceTree = "<group>";
		};
		7619A3691974E994006429AF /* pashmak-guiTests */ = {
			isa = PBXGroup;
			children = (
				7619A36F1974E994006429AF /* pashmak_guiTests.m */,
				7619A36A1974E994006429AF /* Supporting Files */,
			);
			path = "pashmak-guiTests";
			sourceTree = "<group>";
		};
		7619A36A1974E994006429AF /* Supporting Files */ = {
			isa = PBXGroup;
			children = (
				7619A36B1974E994006429AF /* pashmak-guiTests-Info.plist */,
				7619A36C1974E994006429AF /* InfoPlist.strings */,
			);
			name = "Supporting Files";
			sourceTree = "<group>";
		};
		763F4307199A012C00485319 /* core */ = {
			isa = PBXGroup;
			children = (
				763F4308199A012C00485319 /* Assets */,
				763F430B199A012C00485319 /* images */,
				763F430C199A012C00485319 /* output.wmv */,
				763F430D199A012C00485319 /* Pashmak */,
				763F4356199A012C00485319 /* Pashmak.sln */,
				763F4357199A012C00485319 /* README.md */,
			);
			name = core;
			path = ../core;
			sourceTree = "<group>";
		};
		763F4308199A012C00485319 /* Assets */ = {
			isa = PBXGroup;
			children = (
				763F4309199A012C00485319 /* a.m4v */,
				763F430A199A012C00485319 /* filmscratches.m4v */,
			);
			path = Assets;
			sourceTree = "<group>";
		};
		763F430D199A012C00485319 /* Pashmak */ = {
			isa = PBXGroup;
			children = (
				763F430E199A012C00485319 /* AggregatedFilter.cpp */,
				763F430F199A012C00485319 /* AggregatedFilter.h */,
				763F4310199A012C00485319 /* BilateralBlurFilter.cpp */,
				763F4311199A012C00485319 /* BilateralBlurFilter.h */,
				763F4312199A012C00485319 /* CartoonTheme.cpp */,
				763F4313199A012C00485319 /* CartoonTheme.h */,
				763F4314199A012C00485319 /* ColorReductionFilter.cpp */,
				763F4315199A012C00485319 /* ColorReductionFilter.h */,
				763F4316199A012C00485319 /* Configuration.cpp */,
				763F4317199A012C00485319 /* Configuration.h */,
				763F4318199A012C00485319 /* Constants.h */,
				763F4319199A012C00485319 /* Engine.cpp */,
				763F431A199A012C00485319 /* Engine.h */,
				763F431B199A012C00485319 /* FadingTransition.cpp */,
				763F431C199A012C00485319 /* FadingTransition.h */,
				763F431D199A012C00485319 /* FileManager.cpp */,
				763F431E199A012C00485319 /* FileManager.h */,
				763F431F199A012C00485319 /* Filter.cpp */,
				763F4320199A012C00485319 /* Filter.h */,
				763F4321199A012C00485319 /* GaussianNoiseFilter.cpp */,
				763F4322199A012C00485319 /* GaussianNoiseFilter.h */,
				763F4323199A012C00485319 /* GaussianWindowFilter.cpp */,
				763F4324199A012C00485319 /* GaussianWindowFilter.h */,
				763F4325199A012C00485319 /* GrayscaleFilter.cpp */,
				763F4326199A012C00485319 /* GrayscaleFilter.h */,
				763F4327199A012C00485319 /* HardTransition.cpp */,
				763F4328199A012C00485319 /* HardTransition.h */,
				763F4329199A012C00485319 /* main.cpp */,
				763F432A199A012C00485319 /* Media.cpp */,
				763F432B199A012C00485319 /* Media.h */,
				763F432C199A012C00485319 /* MediaManager.cpp */,
				763F432D199A012C00485319 /* MediaManager.h */,
				763F432E199A012C00485319 /* MultiplyFilter.cpp */,
				763F432F199A012C00485319 /* MultiplyFilter.h */,
				763F4330199A012C00485319 /* NoOpFilter.cpp */,
				763F4331199A012C00485319 /* NoOpFilter.h */,
				763F4332199A012C00485319 /* OldieFilter.cpp */,
				763F4333199A012C00485319 /* OldieFilter.h */,
				763F4334199A012C00485319 /* OldieTheme.cpp */,
				763F4335199A012C00485319 /* OldieTheme.h */,
				763F4336199A012C00485319 /* Pashmak.vcxproj */,
				763F4337199A012C00485319 /* Pashmak.vcxproj.filters */,
				763F4338199A012C00485319 /* Picture.cpp */,
				763F4339199A012C00485319 /* Picture.h */,
				763F433A199A012C00485319 /* PosterizationFilter.cpp */,
				763F433B199A012C00485319 /* PosterizationFilter.h */,
				763F433C199A012C00485319 /* SepiaFilter.cpp */,
				763F433D199A012C00485319 /* SepiaFilter.h */,
				763F433E199A012C00485319 /* SobelEdgeFilter.cpp */,
				763F433F199A012C00485319 /* SobelEdgeFilter.h */,
				763F4340199A012C00485319 /* StillPictureVideo.cpp */,
				763F4341199A012C00485319 /* StillPictureVideo.h */,
				763F4342199A012C00485319 /* Theme.cpp */,
				763F4343199A012C00485319 /* Theme.h */,
				763F4344199A012C00485319 /* ThemeFactory.cpp */,
				763F4345199A012C00485319 /* ThemeFactory.h */,
				763F4346199A012C00485319 /* ThemeManager.cpp */,
				763F4347199A012C00485319 /* ThemeManager.h */,
				763F4348199A012C00485319 /* Transition.cpp */,
				763F4349199A012C00485319 /* Transition.h */,
				763F434A199A012C00485319 /* Utils.cpp */,
				763F434B199A012C00485319 /* Utils.h */,
				763F434C199A012C00485319 /* Video.cpp */,
				763F434D199A012C00485319 /* Video.h */,
				763F434E199A012C00485319 /* VideoCut.cpp */,
				763F434F199A012C00485319 /* VideoCut.h */,
				763F4350199A012C00485319 /* VideoFile.cpp */,
				763F4351199A012C00485319 /* VideoFile.h */,
				763F4352199A012C00485319 /* VideoFilter.cpp */,
				763F4353199A012C00485319 /* VideoFilter.h */,
				763F4354199A012C00485319 /* VideoWriter.cpp */,
				763F4355199A012C00485319 /* VideoWriter.h */,
			);
			path = Pashmak;
			sourceTree = "<group>";
		};
/* End PBXGroup section */

/* Begin PBXNativeTarget section */
		7619A33D1974E993006429AF /* pashmak-gui */ = {
			isa = PBXNativeTarget;
			buildConfigurationList = 7619A3731974E994006429AF /* Build configuration list for PBXNativeTarget "pashmak-gui" */;
			buildPhases = (
				30D369F6412C4DFA9611D96F /* Check Pods Manifest.lock */,
				7619A33A1974E993006429AF /* Sources */,
				7619A33B1974E993006429AF /* Frameworks */,
				7619A33C1974E993006429AF /* Resources */,
				C17ECC0FBD1549C9A7E63146 /* Copy Pods Resources */,
			);
			buildRules = (
			);
			dependencies = (
			);
			name = "pashmak-gui";
			productName = "pashmak-gui";
			productReference = 7619A33E1974E993006429AF /* pashmak-gui.app */;
			productType = "com.apple.product-type.application";
		};
		7619A3611974E994006429AF /* pashmak-guiTests */ = {
			isa = PBXNativeTarget;
			buildConfigurationList = 7619A3761974E994006429AF /* Build configuration list for PBXNativeTarget "pashmak-guiTests" */;
			buildPhases = (
				7619A35E1974E994006429AF /* Sources */,
				7619A35F1974E994006429AF /* Frameworks */,
				7619A3601974E994006429AF /* Resources */,
			);
			buildRules = (
			);
			dependencies = (
				7619A3681974E994006429AF /* PBXTargetDependency */,
			);
			name = "pashmak-guiTests";
			productName = "pashmak-guiTests";
			productReference = 7619A3621974E994006429AF /* pashmak-guiTests.xctest */;
			productType = "com.apple.product-type.bundle.unit-test";
		};
/* End PBXNativeTarget section */

/* Begin PBXProject section */
		7619A3361974E992006429AF /* Project object */ = {
			isa = PBXProject;
			attributes = {
				CLASSPREFIX = xl;
				LastUpgradeCheck = 0510;
				ORGANIZATIONNAME = "Sayed Hadi Hashemi";
				TargetAttributes = {
					7619A3611974E994006429AF = {
						TestTargetID = 7619A33D1974E993006429AF;
					};
				};
			};
			buildConfigurationList = 7619A3391974E992006429AF /* Build configuration list for PBXProject "pashmak-gui" */;
			compatibilityVersion = "Xcode 3.2";
			developmentRegion = English;
			hasScannedForEncodings = 0;
			knownRegions = (
				en,
				Base,
			);
			mainGroup = 7619A3351974E992006429AF;
			productRefGroup = 7619A33F1974E993006429AF /* Products */;
			projectDirPath = "";
			projectRoot = "";
			targets = (
				7619A33D1974E993006429AF /* pashmak-gui */,
				7619A3611974E994006429AF /* pashmak-guiTests */,
			);
		};
/* End PBXProject section */

/* Begin PBXResourcesBuildPhase section */
		7619A33C1974E993006429AF /* Resources */ = {
			isa = PBXResourcesBuildPhase;
			buildActionMask = 2147483647;
			files = (
				763F4359199A012C00485319 /* filmscratches.m4v in Resources */,
				763F435A199A012C00485319 /* images in Resources */,
				7619A3C71974F84F006429AF /* Lenna.png in Resources */,
				763F435B199A012C00485319 /* output.wmv in Resources */,
				763F4370199A012C00485319 /* Pashmak.vcxproj in Resources */,
				7619A35D1974E993006429AF /* Images.xcassets in Resources */,
				763F4382199A012C00485319 /* README.md in Resources */,
				7619A34C1974E993006429AF /* InfoPlist.strings in Resources */,
				7619A3C91974FDD4006429AF /* Lenna.jpg in Resources */,
				76E0DE1C1999EFA600640150 /* b.m4v in Resources */,
				76E0DE191999D69A00640150 /* a.m4v in Resources */,
				763F4358199A012C00485319 /* a.m4v in Resources */,
				763F4371199A012C00485319 /* Pashmak.vcxproj.filters in Resources */,
				763F4381199A012C00485319 /* Pashmak.sln in Resources */,
				76AE92BA19820DC800341655 /* filmscratches.m4v in Resources */,
				7619A3551974E993006429AF /* Main.storyboard in Resources */,
			);
			runOnlyForDeploymentPostprocessing = 0;
		};
		7619A3601974E994006429AF /* Resources */ = {
			isa = PBXResourcesBuildPhase;
			buildActionMask = 2147483647;
			files = (
				7619A36E1974E994006429AF /* InfoPlist.strings in Resources */,
			);
			runOnlyForDeploymentPostprocessing = 0;
		};
/* End PBXResourcesBuildPhase section */

/* Begin PBXShellScriptBuildPhase section */
		30D369F6412C4DFA9611D96F /* Check Pods Manifest.lock */ = {
			isa = PBXShellScriptBuildPhase;
			buildActionMask = 2147483647;
			files = (
			);
			inputPaths = (
			);
			name = "Check Pods Manifest.lock";
			outputPaths = (
			);
			runOnlyForDeploymentPostprocessing = 0;
			shellPath = /bin/sh;
			shellScript = "diff \"${PODS_ROOT}/../Podfile.lock\" \"${PODS_ROOT}/Manifest.lock\" > /dev/null\nif [[ $? != 0 ]] ; then\n    cat << EOM\nerror: The sandbox is not in sync with the Podfile.lock. Run 'pod install' or update your CocoaPods installation.\nEOM\n    exit 1\nfi\n";
			showEnvVarsInLog = 0;
		};
		C17ECC0FBD1549C9A7E63146 /* Copy Pods Resources */ = {
			isa = PBXShellScriptBuildPhase;
			buildActionMask = 2147483647;
			files = (
			);
			inputPaths = (
			);
			name = "Copy Pods Resources";
			outputPaths = (
			);
			runOnlyForDeploymentPostprocessing = 0;
			shellPath = /bin/sh;
			shellScript = "\"${SRCROOT}/Pods/Pods-pashmak-gui-resources.sh\"\n";
			showEnvVarsInLog = 0;
		};
/* End PBXShellScriptBuildPhase section */

/* Begin PBXSourcesBuildPhase section */
		7619A33A1974E993006429AF /* Sources */ = {
			isa = PBXSourcesBuildPhase;
			buildActionMask = 2147483647;
			files = (
				763F4374199A012C00485319 /* SepiaFilter.cpp in Sources */,
				763F436F199A012C00485319 /* OldieTheme.cpp in Sources */,
				763F436D199A012C00485319 /* NoOpFilter.cpp in Sources */,
				763F4377199A012C00485319 /* Theme.cpp in Sources */,
				763F436B199A012C00485319 /* MediaManager.cpp in Sources */,
				763F437E199A012C00485319 /* VideoFile.cpp in Sources */,
				763F435E199A012C00485319 /* CartoonTheme.cpp in Sources */,
				763F4364199A012C00485319 /* Filter.cpp in Sources */,
				763F4367199A012C00485319 /* GrayscaleFilter.cpp in Sources */,
				763F435D199A012C00485319 /* BilateralBlurFilter.cpp in Sources */,
				763F4360199A012C00485319 /* Configuration.cpp in Sources */,
				763F437A199A012C00485319 /* Transition.cpp in Sources */,
				763F4372199A012C00485319 /* Picture.cpp in Sources */,
				7619A3521974E993006429AF /* xlAppDelegate.m in Sources */,
				763F435F199A012C00485319 /* ColorReductionFilter.cpp in Sources */,
				763F436C199A012C00485319 /* MultiplyFilter.cpp in Sources */,
				763F4366199A012C00485319 /* GaussianWindowFilter.cpp in Sources */,
				7619A34E1974E993006429AF /* main.m in Sources */,
				763F4373199A012C00485319 /* PosterizationFilter.cpp in Sources */,
				763F437B199A012C00485319 /* Utils.cpp in Sources */,
				763F4376199A012C00485319 /* StillPictureVideo.cpp in Sources */,
				763F436E199A012C00485319 /* OldieFilter.cpp in Sources */,
				763F435C199A012C00485319 /* AggregatedFilter.cpp in Sources */,
				763F4363199A012C00485319 /* FileManager.cpp in Sources */,
				763F4379199A012C00485319 /* ThemeManager.cpp in Sources */,
				763F4361199A012C00485319 /* Engine.cpp in Sources */,
				7619A3C51974F02C006429AF /* xlMain.mm in Sources */,
				763F4368199A012C00485319 /* HardTransition.cpp in Sources */,
				763F4362199A012C00485319 /* FadingTransition.cpp in Sources */,
				763F4380199A012C00485319 /* VideoWriter.cpp in Sources */,
				763F4375199A012C00485319 /* SobelEdgeFilter.cpp in Sources */,
				763F436A199A012C00485319 /* Media.cpp in Sources */,
				763F437C199A012C00485319 /* Video.cpp in Sources */,
				763F4378199A012C00485319 /* ThemeFactory.cpp in Sources */,
				763F4365199A012C00485319 /* GaussianNoiseFilter.cpp in Sources */,
				763F437F199A012C00485319 /* VideoFilter.cpp in Sources */,
				763F437D199A012C00485319 /* VideoCut.cpp in Sources */,
			);
			runOnlyForDeploymentPostprocessing = 0;
		};
		7619A35E1974E994006429AF /* Sources */ = {
			isa = PBXSourcesBuildPhase;
			buildActionMask = 2147483647;
			files = (
				7619A3701974E994006429AF /* pashmak_guiTests.m in Sources */,
			);
			runOnlyForDeploymentPostprocessing = 0;
		};
/* End PBXSourcesBuildPhase section */

/* Begin PBXTargetDependency section */
		7619A3681974E994006429AF /* PBXTargetDependency */ = {
			isa = PBXTargetDependency;
			target = 7619A33D1974E993006429AF /* pashmak-gui */;
			targetProxy = 7619A3671974E994006429AF /* PBXContainerItemProxy */;
		};
/* End PBXTargetDependency section */

/* Begin PBXVariantGroup section */
		7619A34A1974E993006429AF /* InfoPlist.strings */ = {
			isa = PBXVariantGroup;
			children = (
				7619A34B1974E993006429AF /* en */,
			);
			name = InfoPlist.strings;
			sourceTree = "<group>";
		};
		7619A3531974E993006429AF /* Main.storyboard */ = {
			isa = PBXVariantGroup;
			children = (
				7619A3541974E993006429AF /* Base */,
			);
			name = Main.storyboard;
			sourceTree = "<group>";
		};
		7619A36C1974E994006429AF /* InfoPlist.strings */ = {
			isa = PBXVariantGroup;
			children = (
				7619A36D1974E994006429AF /* en */,
			);
			name = InfoPlist.strings;
			sourceTree = "<group>";
		};
/* End PBXVariantGroup section */

/* Begin XCBuildConfiguration section */
		7619A3711974E994006429AF /* Debug */ = {
			isa = XCBuildConfiguration;
			buildSettings = {
				ALWAYS_SEARCH_USER_PATHS = NO;
				CLANG_CXX_LANGUAGE_STANDARD = "gnu++0x";
				CLANG_CXX_LIBRARY = "libc++";
				CLANG_ENABLE_MODULES = YES;
				CLANG_ENABLE_OBJC_ARC = YES;
				CLANG_WARN_BOOL_CONVERSION = YES;
				CLANG_WARN_CONSTANT_CONVERSION = YES;
				CLANG_WARN_DIRECT_OBJC_ISA_USAGE = YES_ERROR;
				CLANG_WARN_EMPTY_BODY = YES;
				CLANG_WARN_ENUM_CONVERSION = YES;
				CLANG_WARN_INT_CONVERSION = YES;
				CLANG_WARN_OBJC_ROOT_CLASS = YES_ERROR;
				CLANG_WARN__DUPLICATE_METHOD_MATCH = YES;
				"CODE_SIGN_IDENTITY[sdk=iphoneos*]" = "iPhone Developer";
				COPY_PHASE_STRIP = NO;
				GCC_C_LANGUAGE_STANDARD = gnu99;
				GCC_DYNAMIC_NO_PIC = NO;
				GCC_OPTIMIZATION_LEVEL = 0;
				GCC_PREPROCESSOR_DEFINITIONS = (
					"DEBUG=1",
					"$(inherited)",
				);
				GCC_SYMBOLS_PRIVATE_EXTERN = NO;
				GCC_WARN_64_TO_32_BIT_CONVERSION = YES;
				GCC_WARN_ABOUT_RETURN_TYPE = YES_ERROR;
				GCC_WARN_UNDECLARED_SELECTOR = YES;
				GCC_WARN_UNINITIALIZED_AUTOS = YES_AGGRESSIVE;
				GCC_WARN_UNUSED_FUNCTION = YES;
				GCC_WARN_UNUSED_VARIABLE = YES;
				IPHONEOS_DEPLOYMENT_TARGET = 7.1;
				ONLY_ACTIVE_ARCH = YES;
				SDKROOT = iphoneos;
			};
			name = Debug;
		};
		7619A3721974E994006429AF /* Release */ = {
			isa = XCBuildConfiguration;
			buildSettings = {
				ALWAYS_SEARCH_USER_PATHS = NO;
				CLANG_CXX_LANGUAGE_STANDARD = "gnu++0x";
				CLANG_CXX_LIBRARY = "libc++";
				CLANG_ENABLE_MODULES = YES;
				CLANG_ENABLE_OBJC_ARC = YES;
				CLANG_WARN_BOOL_CONVERSION = YES;
				CLANG_WARN_CONSTANT_CONVERSION = YES;
				CLANG_WARN_DIRECT_OBJC_ISA_USAGE = YES_ERROR;
				CLANG_WARN_EMPTY_BODY = YES;
				CLANG_WARN_ENUM_CONVERSION = YES;
				CLANG_WARN_INT_CONVERSION = YES;
				CLANG_WARN_OBJC_ROOT_CLASS = YES_ERROR;
				CLANG_WARN__DUPLICATE_METHOD_MATCH = YES;
				"CODE_SIGN_IDENTITY[sdk=iphoneos*]" = "iPhone Developer";
				COPY_PHASE_STRIP = YES;
				ENABLE_NS_ASSERTIONS = NO;
				GCC_C_LANGUAGE_STANDARD = gnu99;
				GCC_WARN_64_TO_32_BIT_CONVERSION = YES;
				GCC_WARN_ABOUT_RETURN_TYPE = YES_ERROR;
				GCC_WARN_UNDECLARED_SELECTOR = YES;
				GCC_WARN_UNINITIALIZED_AUTOS = YES_AGGRESSIVE;
				GCC_WARN_UNUSED_FUNCTION = YES;
				GCC_WARN_UNUSED_VARIABLE = YES;
				IPHONEOS_DEPLOYMENT_TARGET = 7.1;
				SDKROOT = iphoneos;
				VALIDATE_PRODUCT = YES;
			};
			name = Release;
		};
		7619A3741974E994006429AF /* Debug */ = {
			isa = XCBuildConfiguration;
			baseConfigurationReference = 01F2969638FF4833AA75699C /* Pods-pashmak-gui.xcconfig */;
			buildSettings = {
				ASSETCATALOG_COMPILER_APPICON_NAME = AppIcon;
				ASSETCATALOG_COMPILER_LAUNCHIMAGE_NAME = LaunchImage;
				CLANG_CXX_LANGUAGE_STANDARD = "gnu++0x";
				"CODE_SIGN_IDENTITY[sdk=iphoneos*]" = "iPhone Developer: Norman Ko (CD8J64T87T)";
				GCC_PRECOMPILE_PREFIX_HEADER = YES;
				GCC_PREFIX_HEADER = "pashmak-gui/pashmak-gui-Prefix.pch";
				INFOPLIST_FILE = "pashmak-gui/pashmak-gui-Info.plist";
				LIBRARY_SEARCH_PATHS = (
					"$(inherited)",
					"$(PROJECT_DIR)/Pods/build/Debug-iphoneos",
				);
				PRODUCT_NAME = "$(TARGET_NAME)";
				WRAPPER_EXTENSION = app;
			};
			name = Debug;
		};
		7619A3751974E994006429AF /* Release */ = {
			isa = XCBuildConfiguration;
			baseConfigurationReference = 01F2969638FF4833AA75699C /* Pods-pashmak-gui.xcconfig */;
			buildSettings = {
				ASSETCATALOG_COMPILER_APPICON_NAME = AppIcon;
				ASSETCATALOG_COMPILER_LAUNCHIMAGE_NAME = LaunchImage;
				CLANG_CXX_LANGUAGE_STANDARD = "gnu++0x";
				"CODE_SIGN_IDENTITY[sdk=iphoneos*]" = "iPhone Developer: Norman Ko (CD8J64T87T)";
				GCC_PRECOMPILE_PREFIX_HEADER = YES;
				GCC_PREFIX_HEADER = "pashmak-gui/pashmak-gui-Prefix.pch";
				INFOPLIST_FILE = "pashmak-gui/pashmak-gui-Info.plist";
				LIBRARY_SEARCH_PATHS = (
					"$(inherited)",
					"$(PROJECT_DIR)/Pods/build/Debug-iphoneos",
				);
				PRODUCT_NAME = "$(TARGET_NAME)";
				WRAPPER_EXTENSION = app;
			};
			name = Release;
		};
		7619A3771974E994006429AF /* Debug */ = {
			isa = XCBuildConfiguration;
			buildSettings = {
				BUNDLE_LOADER = "$(BUILT_PRODUCTS_DIR)/pashmak-gui.app/pashmak-gui";
				FRAMEWORK_SEARCH_PATHS = (
					"$(SDKROOT)/Developer/Library/Frameworks",
					"$(inherited)",
					"$(DEVELOPER_FRAMEWORKS_DIR)",
				);
				GCC_PRECOMPILE_PREFIX_HEADER = YES;
				GCC_PREFIX_HEADER = "pashmak-gui/pashmak-gui-Prefix.pch";
				GCC_PREPROCESSOR_DEFINITIONS = (
					"DEBUG=1",
					"$(inherited)",
				);
				INFOPLIST_FILE = "pashmak-guiTests/pashmak-guiTests-Info.plist";
				PRODUCT_NAME = "$(TARGET_NAME)";
				TEST_HOST = "$(BUNDLE_LOADER)";
				WRAPPER_EXTENSION = xctest;
			};
			name = Debug;
		};
		7619A3781974E994006429AF /* Release */ = {
			isa = XCBuildConfiguration;
			buildSettings = {
				BUNDLE_LOADER = "$(BUILT_PRODUCTS_DIR)/pashmak-gui.app/pashmak-gui";
				FRAMEWORK_SEARCH_PATHS = (
					"$(SDKROOT)/Developer/Library/Frameworks",
					"$(inherited)",
					"$(DEVELOPER_FRAMEWORKS_DIR)",
				);
				GCC_PRECOMPILE_PREFIX_HEADER = YES;
				GCC_PREFIX_HEADER = "pashmak-gui/pashmak-gui-Prefix.pch";
				INFOPLIST_FILE = "pashmak-guiTests/pashmak-guiTests-Info.plist";
				PRODUCT_NAME = "$(TARGET_NAME)";
				TEST_HOST = "$(BUNDLE_LOADER)";
				WRAPPER_EXTENSION = xctest;
			};
			name = Release;
		};
/* End XCBuildConfiguration section */

/* Begin XCConfigurationList section */
		7619A3391974E992006429AF /* Build configuration list for PBXProject "pashmak-gui" */ = {
			isa = XCConfigurationList;
			buildConfigurations = (
				7619A3711974E994006429AF /* Debug */,
				7619A3721974E994006429AF /* Release */,
			);
			defaultConfigurationIsVisible = 0;
			defaultConfigurationName = Release;
		};
		7619A3731974E994006429AF /* Build configuration list for PBXNativeTarget "pashmak-gui" */ = {
			isa = XCConfigurationList;
			buildConfigurations = (
				7619A3741974E994006429AF /* Debug */,
				7619A3751974E994006429AF /* Release */,
			);
			defaultConfigurationIsVisible = 0;
			defaultConfigurationName = Release;
		};
		7619A3761974E994006429AF /* Build configuration list for PBXNativeTarget "pashmak-guiTests" */ = {
			isa = XCConfigurationList;
			buildConfigurations = (
				7619A3771974E994006429AF /* Debug */,
				7619A3781974E994006429AF /* Release */,
			);
			defaultConfigurationIsVisible = 0;
			defaultConfigurationName = Release;
		};
/* End XCConfigurationList section */
	};
	rootObject = 7619A3361974E992006429AF /* Project object */;
}
